// !$*UTF8*$!
{
	archiveVersion = 1;
	classes = {
	};
	objectVersion = 46;
	objects = {

/* Begin PBXBuildFile section */
		C75022FC1985FAFC00F87B92 /* Foundation.framework in Frameworks */ = {isa = PBXBuildFile; fileRef = C75022FB1985FAFC00F87B92 /* Foundation.framework */; };
		C75022FE1985FAFC00F87B92 /* CoreGraphics.framework in Frameworks */ = {isa = PBXBuildFile; fileRef = C75022FD1985FAFC00F87B92 /* CoreGraphics.framework */; };
		C75023001985FAFC00F87B92 /* UIKit.framework in Frameworks */ = {isa = PBXBuildFile; fileRef = C75022FF1985FAFC00F87B92 /* UIKit.framework */; };
		C75023061985FAFC00F87B92 /* InfoPlist.strings in Resources */ = {isa = PBXBuildFile; fileRef = C75023041985FAFC00F87B92 /* InfoPlist.strings */; };
		C75023081985FAFC00F87B92 /* main.m in Sources */ = {isa = PBXBuildFile; fileRef = C75023071985FAFC00F87B92 /* main.m */; };
		C750230C1985FAFC00F87B92 /* AppDelegate.m in Sources */ = {isa = PBXBuildFile; fileRef = C750230B1985FAFC00F87B92 /* AppDelegate.m */; };
		C750230E1985FAFC00F87B92 /* Images.xcassets in Resources */ = {isa = PBXBuildFile; fileRef = C750230D1985FAFC00F87B92 /* Images.xcassets */; };
		C75023151985FAFC00F87B92 /* XCTest.framework in Frameworks */ = {isa = PBXBuildFile; fileRef = C75023141985FAFC00F87B92 /* XCTest.framework */; };
		C75023161985FAFC00F87B92 /* Foundation.framework in Frameworks */ = {isa = PBXBuildFile; fileRef = C75022FB1985FAFC00F87B92 /* Foundation.framework */; };
		C75023171985FAFC00F87B92 /* UIKit.framework in Frameworks */ = {isa = PBXBuildFile; fileRef = C75022FF1985FAFC00F87B92 /* UIKit.framework */; };
		C750231F1985FAFC00F87B92 /* InfoPlist.strings in Resources */ = {isa = PBXBuildFile; fileRef = C750231D1985FAFC00F87B92 /* InfoPlist.strings */; };
		C75023211985FAFC00F87B92 /* test1Tests.m in Sources */ = {isa = PBXBuildFile; fileRef = C75023201985FAFC00F87B92 /* test1Tests.m */; };
		C77666D31991BE12005A3633 /* RootViewController.m in Sources */ = {isa = PBXBuildFile; fileRef = C77666D21991BE12005A3633 /* RootViewController.m */; };
		C77666DD1991F013005A3633 /* shotScreenModel.m in Sources */ = {isa = PBXBuildFile; fileRef = C77666DC1991F013005A3633 /* shotScreenModel.m */; };
		C77666DF1991F407005A3633 /* 2.png in Resources */ = {isa = PBXBuildFile; fileRef = C77666DE1991F407005A3633 /* 2.png */; };
/* End PBXBuildFile section */

/* Begin PBXContainerItemProxy section */
		C75023181985FAFC00F87B92 /* PBXContainerItemProxy */ = {
			isa = PBXContainerItemProxy;
			containerPortal = C75022F01985FAFC00F87B92 /* Project object */;
			proxyType = 1;
			remoteGlobalIDString = C75022F71985FAFC00F87B92;
			remoteInfo = test1;
		};
/* End PBXContainerItemProxy section */

/* Begin PBXFileReference section */
		C75022F81985FAFC00F87B92 /* test1.app */ = {isa = PBXFileReference; explicitFileType = wrapper.application; includeInIndex = 0; path = test1.app; sourceTree = BUILT_PRODUCTS_DIR; };
		C75022FB1985FAFC00F87B92 /* Foundation.framework */ = {isa = PBXFileReference; lastKnownFileType = wrapper.framework; name = Foundation.framework; path = System/Library/Frameworks/Foundation.framework; sourceTree = SDKROOT; };
		C75022FD1985FAFC00F87B92 /* CoreGraphics.framework */ = {isa = PBXFileReference; lastKnownFileType = wrapper.framework; name = CoreGraphics.framework; path = System/Library/Frameworks/CoreGraphics.framework; sourceTree = SDKROOT; };
		C75022FF1985FAFC00F87B92 /* UIKit.framework */ = {isa = PBXFileReference; lastKnownFileType = wrapper.framework; name = UIKit.framework; path = System/Library/Frameworks/UIKit.framework; sourceTree = SDKROOT; };
		C75023031985FAFC00F87B92 /* test1-Info.plist */ = {isa = PBXFileReference; lastKnownFileType = text.plist.xml; path = "test1-Info.plist"; sourceTree = "<group>"; };
		C75023051985FAFC00F87B92 /* en */ = {isa = PBXFileReference; lastKnownFileType = text.plist.strings; name = en; path = en.lproj/InfoPlist.strings; sourceTree = "<group>"; };
		C75023071985FAFC00F87B92 /* main.m */ = {isa = PBXFileReference; lastKnownFileType = sourcecode.c.objc; path = main.m; sourceTree = "<group>"; };
		C75023091985FAFC00F87B92 /* test1-Prefix.pch */ = {isa = PBXFileReference; lastKnownFileType = sourcecode.c.h; path = "test1-Prefix.pch"; sourceTree = "<group>"; };
		C750230A1985FAFC00F87B92 /* AppDelegate.h */ = {isa = PBXFileReference; lastKnownFileType = sourcecode.c.h; path = AppDelegate.h; sourceTree = "<group>"; };
		C750230B1985FAFC00F87B92 /* AppDelegate.m */ = {isa = PBXFileReference; lastKnownFileType = sourcecode.c.objc; path = AppDelegate.m; sourceTree = "<group>"; };
		C750230D1985FAFC00F87B92 /* Images.xcassets */ = {isa = PBXFileReference; lastKnownFileType = folder.assetcatalog; path = Images.xcassets; sourceTree = "<group>"; };
		C75023131985FAFC00F87B92 /* test1Tests.xctest */ = {isa = PBXFileReference; explicitFileType = wrapper.cfbundle; includeInIndex = 0; path = test1Tests.xctest; sourceTree = BUILT_PRODUCTS_DIR; };
		C75023141985FAFC00F87B92 /* XCTest.framework */ = {isa = PBXFileReference; lastKnownFileType = wrapper.framework; name = XCTest.framework; path = Library/Frameworks/XCTest.framework; sourceTree = DEVELOPER_DIR; };
		C750231C1985FAFC00F87B92 /* test1Tests-Info.plist */ = {isa = PBXFileReference; lastKnownFileType = text.plist.xml; path = "test1Tests-Info.plist"; sourceTree = "<group>"; };
		C750231E1985FAFC00F87B92 /* en */ = {isa = PBXFileReference; lastKnownFileType = text.plist.strings; name = en; path = en.lproj/InfoPlist.strings; sourceTree = "<group>"; };
		C75023201985FAFC00F87B92 /* test1Tests.m */ = {isa = PBXFileReference; lastKnownFileType = sourcecode.c.objc; path = test1Tests.m; sourceTree = "<group>"; };
		C77666D11991BE12005A3633 /* RootViewController.h */ = {isa = PBXFileReference; fileEncoding = 4; lastKnownFileType = sourcecode.c.h; path = RootViewController.h; sourceTree = "<group>"; };
		C77666D21991BE12005A3633 /* RootViewController.m */ = {isa = PBXFileReference; fileEncoding = 4; lastKnownFileType = sourcecode.c.objc; path = RootViewController.m; sourceTree = "<group>"; };
		C77666DB1991F013005A3633 /* shotScreenModel.h */ = {isa = PBXFileReference; fileEncoding = 4; lastKnownFileType = sourcecode.c.h; path = shotScreenModel.h; sourceTree = "<group>"; };
		C77666DC1991F013005A3633 /* shotScreenModel.m */ = {isa = PBXFileReference; fileEncoding = 4; lastKnownFileType = sourcecode.c.objc; path = shotScreenModel.m; sourceTree = "<group>"; };
		C77666DE1991F407005A3633 /* 2.png */ = {isa = PBXFileReference; lastKnownFileType = image.png; path = 2.png; sourceTree = "<group>"; };
/* End PBXFileReference section */

/* Begin PBXFrameworksBuildPhase section */
		C75022F51985FAFC00F87B92 /* Frameworks */ = {
			isa = PBXFrameworksBuildPhase;
			buildActionMask = 2147483647;
			files = (
				C75022FE1985FAFC00F87B92 /* CoreGraphics.framework in Frameworks */,
				C75023001985FAFC00F87B92 /* UIKit.framework in Frameworks */,
				C75022FC1985FAFC00F87B92 /* Foundation.framework in Frameworks */,
			);
			runOnlyForDeploymentPostprocessing = 0;
		};
		C75023101985FAFC00F87B92 /* Frameworks */ = {
			isa = PBXFrameworksBuildPhase;
			buildActionMask = 2147483647;
			files = (
				C75023151985FAFC00F87B92 /* XCTest.framework in Frameworks */,
				C75023171985FAFC00F87B92 /* UIKit.framework in Frameworks */,
				C75023161985FAFC00F87B92 /* Foundation.framework in Frameworks */,
			);
			runOnlyForDeploymentPostprocessing = 0;
		};
/* End PBXFrameworksBuildPhase section */

/* Begin PBXGroup section */
		C75022EF1985FAFC00F87B92 = {
			isa = PBXGroup;
			children = (
				C75023011985FAFC00F87B92 /* test1 */,
				C750231A1985FAFC00F87B92 /* test1Tests */,
				C75022FA1985FAFC00F87B92 /* Frameworks */,
				C75022F91985FAFC00F87B92 /* Products */,
			);
			sourceTree = "<group>";
		};
		C75022F91985FAFC00F87B92 /* Products */ = {
			isa = PBXGroup;
			children = (
				C75022F81985FAFC00F87B92 /* test1.app */,
				C75023131985FAFC00F87B92 /* test1Tests.xctest */,
			);
			name = Products;
			sourceTree = "<group>";
		};
		C75022FA1985FAFC00F87B92 /* Frameworks */ = {
			isa = PBXGroup;
			children = (
				C75022FB1985FAFC00F87B92 /* Foundation.framework */,
				C75022FD1985FAFC00F87B92 /* CoreGraphics.framework */,
				C75022FF1985FAFC00F87B92 /* UIKit.framework */,
				C75023141985FAFC00F87B92 /* XCTest.framework */,
			);
			name = Frameworks;
			sourceTree = "<group>";
		};
		C75023011985FAFC00F87B92 /* test1 */ = {
			isa = PBXGroup;
			children = (
				C750230A1985FAFC00F87B92 /* AppDelegate.h */,
				C750230B1985FAFC00F87B92 /* AppDelegate.m */,
				C750230D1985FAFC00F87B92 /* Images.xcassets */,
				C77666D11991BE12005A3633 /* RootViewController.h */,
				C77666D21991BE12005A3633 /* RootViewController.m */,
				C77666DA1991EFF6005A3633 /* Model  */,
				C75023021985FAFC00F87B92 /* Supporting Files */,
			);
			path = test1;
			sourceTree = "<group>";
		};
		C75023021985FAFC00F87B92 /* Supporting Files */ = {
			isa = PBXGroup;
			children = (
				C77666DE1991F407005A3633 /* 2.png */,
				C75023031985FAFC00F87B92 /* test1-Info.plist */,
				C75023041985FAFC00F87B92 /* InfoPlist.strings */,
				C75023071985FAFC00F87B92 /* main.m */,
				C75023091985FAFC00F87B92 /* test1-Prefix.pch */,
			);
			name = "Supporting Files";
			sourceTree = "<group>";
		};
		C750231A1985FAFC00F87B92 /* test1Tests */ = {
			isa = PBXGroup;
			children = (
				C75023201985FAFC00F87B92 /* test1Tests.m */,
				C750231B1985FAFC00F87B92 /* Supporting Files */,
			);
			path = test1Tests;
			sourceTree = "<group>";
		};
		C750231B1985FAFC00F87B92 /* Supporting Files */ = {
			isa = PBXGroup;
			children = (
				C750231C1985FAFC00F87B92 /* test1Tests-Info.plist */,
				C750231D1985FAFC00F87B92 /* InfoPlist.strings */,
			);
			name = "Supporting Files";
			sourceTree = "<group>";
		};
		C77666DA1991EFF6005A3633 /* Model  */ = {
			isa = PBXGroup;
			children = (
				C77666DB1991F013005A3633 /* shotScreenModel.h */,
				C77666DC1991F013005A3633 /* shotScreenModel.m */,
			);
			name = "Model ";
			sourceTree = "<group>";
		};
/* End PBXGroup section */

/* Begin PBXNativeTarget section */
		C75022F71985FAFC00F87B92 /* test1 */ = {
			isa = PBXNativeTarget;
			buildConfigurationList = C75023241985FAFC00F87B92 /* Build configuration list for PBXNativeTarget "test1" */;
			buildPhases = (
				C75022F41985FAFC00F87B92 /* Sources */,
				C75022F51985FAFC00F87B92 /* Frameworks */,
				C75022F61985FAFC00F87B92 /* Resources */,
			);
			buildRules = (
			);
			dependencies = (
			);
			name = test1;
			productName = test1;
			productReference = C75022F81985FAFC00F87B92 /* test1.app */;
			productType = "com.apple.product-type.application";
		};
		C75023121985FAFC00F87B92 /* test1Tests */ = {
			isa = PBXNativeTarget;
			buildConfigurationList = C75023271985FAFC00F87B92 /* Build configuration list for PBXNativeTarget "test1Tests" */;
			buildPhases = (
				C750230F1985FAFC00F87B92 /* Sources */,
				C75023101985FAFC00F87B92 /* Frameworks */,
				C75023111985FAFC00F87B92 /* Resources */,
			);
			buildRules = (
			);
			dependencies = (
				C75023191985FAFC00F87B92 /* PBXTargetDependency */,
			);
			name = test1Tests;
			productName = test1Tests;
			productReference = C75023131985FAFC00F87B92 /* test1Tests.xctest */;
			productType = "com.apple.product-type.bundle.unit-test";
		};
/* End PBXNativeTarget section */

/* Begin PBXProject section */
		C75022F01985FAFC00F87B92 /* Project object */ = {
			isa = PBXProject;
			attributes = {
				LastUpgradeCheck = 0500;
				ORGANIZATIONNAME = "焦子成";
				TargetAttributes = {
					C75023121985FAFC00F87B92 = {
						TestTargetID = C75022F71985FAFC00F87B92;
					};
				};
			};
			buildConfigurationList = C75022F31985FAFC00F87B92 /* Build configuration list for PBXProject "test1" */;
			compatibilityVersion = "Xcode 3.2";
			developmentRegion = English;
			hasScannedForEncodings = 0;
			knownRegions = (
				en,
			);
			mainGroup = C75022EF1985FAFC00F87B92;
			productRefGroup = C75022F91985FAFC00F87B92 /* Products */;
			projectDirPath = "";
			projectRoot = "";
			targets = (
				C75022F71985FAFC00F87B92 /* test1 */,
				C75023121985FAFC00F87B92 /* test1Tests */,
			);
		};
/* End PBXProject section */

/* Begin PBXResourcesBuildPhase section */
		C75022F61985FAFC00F87B92 /* Resources */ = {
			isa = PBXResourcesBuildPhase;
			buildActionMask = 2147483647;
			files = (
				C77666DF1991F407005A3633 /* 2.png in Resources */,
				C75023061985FAFC00F87B92 /* InfoPlist.strings in Resources */,
				C750230E1985FAFC00F87B92 /* Images.xcassets in Resources */,
			);
			runOnlyForDeploymentPostprocessing = 0;
		};
		C75023111985FAFC00F87B92 /* Resources */ = {
			isa = PBXResourcesBuildPhase;
			buildActionMask = 2147483647;
			files = (
				C750231F1985FAFC00F87B92 /* InfoPlist.strings in Resources */,
			);
			runOnlyForDeploymentPostprocessing = 0;
		};
/* End PBXResourcesBuildPhase section */

/* Begin PBXSourcesBuildPhase section */
		C75022F41985FAFC00F87B92 /* Sources */ = {
			isa = PBXSourcesBuildPhase;
			buildActionMask = 2147483647;
			files = (
				C750230C1985FAFC00F87B92 /* AppDelegate.m in Sources */,
				C75023081985FAFC00F87B92 /* main.m in Sources */,
				C77666D31991BE12005A3633 /* RootViewController.m in Sources */,
				C77666DD1991F013005A3633 /* shotScreenModel.m in Sources */,
			);
			runOnlyForDeploymentPostprocessing = 0;
		};
		C750230F1985FAFC00F87B92 /* Sources */ = {
			isa = PBXSourcesBuildPhase;
			buildActionMask = 2147483647;
			files = (
				C75023211985FAFC00F87B92 /* test1Tests.m in Sources */,
			);
			runOnlyForDeploymentPostprocessing = 0;
		};
/* End PBXSourcesBuildPhase section */

/* Begin PBXTargetDependency section */
		C75023191985FAFC00F87B92 /* PBXTargetDependency */ = {
			isa = PBXTargetDependency;
			target = C75022F71985FAFC00F87B92 /* test1 */;
			targetProxy = C75023181985FAFC00F87B92 /* PBXContainerItemProxy */;
		};
/* End PBXTargetDependency section */

/* Begin PBXVariantGroup section */
		C75023041985FAFC00F87B92 /* InfoPlist.strings */ = {
			isa = PBXVariantGroup;
			children = (
				C75023051985FAFC00F87B92 /* en */,
			);
			name = InfoPlist.strings;
			sourceTree = "<group>";
		};
		C750231D1985FAFC00F87B92 /* InfoPlist.strings */ = {
			isa = PBXVariantGroup;
			children = (
				C750231E1985FAFC00F87B92 /* en */,
			);
			name = InfoPlist.strings;
			sourceTree = "<group>";
		};
/* End PBXVariantGroup section */

/* Begin XCBuildConfiguration section */
		C75023221985FAFC00F87B92 /* Debug */ = {
			isa = XCBuildConfiguration;
			buildSettings = {
				ALWAYS_SEARCH_USER_PATHS = NO;
				ARCHS = "$(ARCHS_STANDARD_INCLUDING_64_BIT)";
				CLANG_CXX_LANGUAGE_STANDARD = "gnu++0x";
				CLANG_CXX_LIBRARY = "libc++";
				CLANG_ENABLE_MODULES = YES;
				CLANG_ENABLE_OBJC_ARC = YES;
				CLANG_WARN_BOOL_CONVERSION = YES;
				CLANG_WARN_CONSTANT_CONVERSION = YES;
				CLANG_WARN_DIRECT_OBJC_ISA_USAGE = YES_ERROR;
				CLANG_WARN_EMPTY_BODY = YES;
				CLANG_WARN_ENUM_CONVERSION = YES;
				CLANG_WARN_INT_CONVERSION = YES;
				CLANG_WARN_OBJC_ROOT_CLASS = YES_ERROR;
				CLANG_WARN__DUPLICATE_METHOD_MATCH = YES;
				"CODE_SIGN_IDENTITY[sdk=iphoneos*]" = "iPhone Developer";
				COPY_PHASE_STRIP = NO;
				GCC_C_LANGUAGE_STANDARD = gnu99;
				GCC_DYNAMIC_NO_PIC = NO;
				GCC_OPTIMIZATION_LEVEL = 0;
				GCC_PREPROCESSOR_DEFINITIONS = (
					"DEBUG=1",
					"$(inherited)",
				);
				GCC_SYMBOLS_PRIVATE_EXTERN = NO;
				GCC_WARN_64_TO_32_BIT_CONVERSION = YES;
				GCC_WARN_ABOUT_RETURN_TYPE = YES_ERROR;
				GCC_WARN_UNDECLARED_SELECTOR = YES;
				GCC_WARN_UNINITIALIZED_AUTOS = YES;
				GCC_WARN_UNUSED_FUNCTION = YES;
				GCC_WARN_UNUSED_VARIABLE = YES;
				IPHONEOS_DEPLOYMENT_TARGET = 7.0;
				ONLY_ACTIVE_ARCH = YES;
				SDKROOT = iphoneos;
				TARGETED_DEVICE_FAMILY = "1,2";
			};
			name = Debug;
		};
		C75023231985FAFC00F87B92 /* Release */ = {
			isa = XCBuildConfiguration;
			buildSettings = {
				ALWAYS_SEARCH_USER_PATHS = NO;
				ARCHS = "$(ARCHS_STANDARD_INCLUDING_64_BIT)";
				CLANG_CXX_LANGUAGE_STANDARD = "gnu++0x";
				CLANG_CXX_LIBRARY = "libc++";
				CLANG_ENABLE_MODULES = YES;
				CLANG_ENABLE_OBJC_ARC = YES;
				CLANG_WARN_BOOL_CONVERSION = YES;
				CLANG_WARN_CONSTANT_CONVERSION = YES;
				CLANG_WARN_DIRECT_OBJC_ISA_USAGE = YES_ERROR;
				CLANG_WARN_EMPTY_BODY = YES;
				CLANG_WARN_ENUM_CONVERSION = YES;
				CLANG_WARN_INT_CONVERSION = YES;
				CLANG_WARN_OBJC_ROOT_CLASS = YES_ERROR;
				CLANG_WARN__DUPLICATE_METHOD_MATCH = YES;
				"CODE_SIGN_IDENTITY[sdk=iphoneos*]" = "iPhone Developer";
				COPY_PHASE_STRIP = YES;
				ENABLE_NS_ASSERTIONS = NO;
				GCC_C_LANGUAGE_STANDARD = gnu99;
				GCC_WARN_64_TO_32_BIT_CONVERSION = YES;
				GCC_WARN_ABOUT_RETURN_TYPE = YES_ERROR;
				GCC_WARN_UNDECLARED_SELECTOR = YES;
				GCC_WARN_UNINITIALIZED_AUTOS = YES;
				GCC_WARN_UNUSED_FUNCTION = YES;
				GCC_WARN_UNUSED_VARIABLE = YES;
				IPHONEOS_DEPLOYMENT_TARGET = 7.0;
				SDKROOT = iphoneos;
				TARGETED_DEVICE_FAMILY = "1,2";
				VALIDATE_PRODUCT = YES;
			};
			name = Release;
		};
		C75023251985FAFC00F87B92 /* Debug */ = {
			isa = XCBuildConfiguration;
			buildSettings = {
				ASSETCATALOG_COMPILER_APPICON_NAME = AppIcon;
				ASSETCATALOG_COMPILER_LAUNCHIMAGE_NAME = LaunchImage;
				GCC_PRECOMPILE_PREFIX_HEADER = YES;
				GCC_PREFIX_HEADER = "test1/test1-Prefix.pch";
				INFOPLIST_FILE = "test1/test1-Info.plist";
				PRODUCT_NAME = "$(TARGET_NAME)";
				WRAPPER_EXTENSION = app;
			};
			name = Debug;
		};
		C75023261985FAFC00F87B92 /* Release */ = {
			isa = XCBuildConfiguration;
			buildSettings = {
				ASSETCATALOG_COMPILER_APPICON_NAME = AppIcon;
				ASSETCATALOG_COMPILER_LAUNCHIMAGE_NAME = LaunchImage;
				GCC_PRECOMPILE_PREFIX_HEADER = YES;
				GCC_PREFIX_HEADER = "test1/test1-Prefix.pch";
				INFOPLIST_FILE = "test1/test1-Info.plist";
				PRODUCT_NAME = "$(TARGET_NAME)";
				WRAPPER_EXTENSION = app;
			};
			name = Release;
		};
		C75023281985FAFC00F87B92 /* Debug */ = {
			isa = XCBuildConfiguration;
			buildSettings = {
				ARCHS = "$(ARCHS_STANDARD_INCLUDING_64_BIT)";
				BUNDLE_LOADER = "$(BUILT_PRODUCTS_DIR)/test1.app/test1";
				FRAMEWORK_SEARCH_PATHS = (
					"$(SDKROOT)/Developer/Library/Frameworks",
					"$(inherited)",
					"$(DEVELOPER_FRAMEWORKS_DIR)",
				);
				GCC_PRECOMPILE_PREFIX_HEADER = YES;
				GCC_PREFIX_HEADER = "test1/test1-Prefix.pch";
				GCC_PREPROCESSOR_DEFINITIONS = (
					"DEBUG=1",
					"$(inherited)",
				);
				INFOPLIST_FILE = "test1Tests/test1Tests-Info.plist";
				PRODUCT_NAME = "$(TARGET_NAME)";
				TEST_HOST = "$(BUNDLE_LOADER)";
				WRAPPER_EXTENSION = xctest;
			};
			name = Debug;
		};
		C75023291985FAFC00F87B92 /* Release */ = {
			isa = XCBuildConfiguration;
			buildSettings = {
				ARCHS = "$(ARCHS_STANDARD_INCLUDING_64_BIT)";
				BUNDLE_LOADER = "$(BUILT_PRODUCTS_DIR)/test1.app/test1";
				FRAMEWORK_SEARCH_PATHS = (
					"$(SDKROOT)/Developer/Library/Frameworks",
					"$(inherited)",
					"$(DEVELOPER_FRAMEWORKS_DIR)",
				);
				GCC_PRECOMPILE_PREFIX_HEADER = YES;
				GCC_PREFIX_HEADER = "test1/test1-Prefix.pch";
				INFOPLIST_FILE = "test1Tests/test1Tests-Info.plist";
				PRODUCT_NAME = "$(TARGET_NAME)";
				TEST_HOST = "$(BUNDLE_LOADER)";
				WRAPPER_EXTENSION = xctest;
			};
			name = Release;
		};
/* End XCBuildConfiguration section */

/* Begin XCConfigurationList section */
		C75022F31985FAFC00F87B92 /* Build configuration list for PBXProject "test1" */ = {
			isa = XCConfigurationList;
			buildConfigurations = (
				C75023221985FAFC00F87B92 /* Debug */,
				C75023231985FAFC00F87B92 /* Release */,
			);
			defaultConfigurationIsVisible = 0;
			defaultConfigurationName = Release;
		};
		C75023241985FAFC00F87B92 /* Build configuration list for PBXNativeTarget "test1" */ = {
			isa = XCConfigurationList;
			buildConfigurations = (
				C75023251985FAFC00F87B92 /* Debug */,
				C75023261985FAFC00F87B92 /* Release */,
			);
			defaultConfigurationIsVisible = 0;
			defaultConfigurationName = Release;
		};
		C75023271985FAFC00F87B92 /* Build configuration list for PBXNativeTarget "test1Tests" */ = {
			isa = XCConfigurationList;
			buildConfigurations = (
				C75023281985FAFC00F87B92 /* Debug */,
				C75023291985FAFC00F87B92 /* Release */,
			);
			defaultConfigurationIsVisible = 0;
			defaultConfigurationName = Release;
		};
/* End XCConfigurationList section */
	};
	rootObject = C75022F01985FAFC00F87B92 /* Project object */;
}
