// !$*UTF8*$!
{
	archiveVersion = 1;
	classes = {
	};
	objectVersion = 46;
	objects = {

/* Begin PBXBuildFile section */
		18BD6F4B1946926F00B99CBB /* Foundation.framework in Frameworks */ = {isa = PBXBuildFile; fileRef = 18BD6F4A1946926F00B99CBB /* Foundation.framework */; };
		18BD6F4D1946926F00B99CBB /* CoreGraphics.framework in Frameworks */ = {isa = PBXBuildFile; fileRef = 18BD6F4C1946926F00B99CBB /* CoreGraphics.framework */; };
		18BD6F4F1946926F00B99CBB /* UIKit.framework in Frameworks */ = {isa = PBXBuildFile; fileRef = 18BD6F4E1946926F00B99CBB /* UIKit.framework */; };
		18BD6F551946927000B99CBB /* InfoPlist.strings in Resources */ = {isa = PBXBuildFile; fileRef = 18BD6F531946927000B99CBB /* InfoPlist.strings */; };
		18BD6F571946927000B99CBB /* main.m in Sources */ = {isa = PBXBuildFile; fileRef = 18BD6F561946927000B99CBB /* main.m */; };
		18BD6F5B1946927000B99CBB /* NJAppDelegate.m in Sources */ = {isa = PBXBuildFile; fileRef = 18BD6F5A1946927000B99CBB /* NJAppDelegate.m */; };
		18BD6F5E1946927000B99CBB /* Main.storyboard in Resources */ = {isa = PBXBuildFile; fileRef = 18BD6F5C1946927000B99CBB /* Main.storyboard */; };
		18BD6F611946927000B99CBB /* NJViewController.m in Sources */ = {isa = PBXBuildFile; fileRef = 18BD6F601946927000B99CBB /* NJViewController.m */; };
		18BD6F631946927000B99CBB /* Images.xcassets in Resources */ = {isa = PBXBuildFile; fileRef = 18BD6F621946927000B99CBB /* Images.xcassets */; };
		18BD6F6A1946927000B99CBB /* XCTest.framework in Frameworks */ = {isa = PBXBuildFile; fileRef = 18BD6F691946927000B99CBB /* XCTest.framework */; };
		18BD6F6B1946927000B99CBB /* Foundation.framework in Frameworks */ = {isa = PBXBuildFile; fileRef = 18BD6F4A1946926F00B99CBB /* Foundation.framework */; };
		18BD6F6C1946927000B99CBB /* UIKit.framework in Frameworks */ = {isa = PBXBuildFile; fileRef = 18BD6F4E1946926F00B99CBB /* UIKit.framework */; };
		18BD6F741946927000B99CBB /* InfoPlist.strings in Resources */ = {isa = PBXBuildFile; fileRef = 18BD6F721946927000B99CBB /* InfoPlist.strings */; };
		18BD6F761946927000B99CBB /* _3______Tests.m in Sources */ = {isa = PBXBuildFile; fileRef = 18BD6F751946927000B99CBB /* _3______Tests.m */; };
		18BD6F811946928100B99CBB /* NJView.m in Sources */ = {isa = PBXBuildFile; fileRef = 18BD6F801946928100B99CBB /* NJView.m */; };
/* End PBXBuildFile section */

/* Begin PBXContainerItemProxy section */
		18BD6F6D1946927000B99CBB /* PBXContainerItemProxy */ = {
			isa = PBXContainerItemProxy;
			containerPortal = 18BD6F3F1946926F00B99CBB /* Project object */;
			proxyType = 1;
			remoteGlobalIDString = 18BD6F461946926F00B99CBB;
			remoteInfo = "03-知识点补充";
		};
/* End PBXContainerItemProxy section */

/* Begin PBXFileReference section */
		18BD6F471946926F00B99CBB /* 03-知识点补充.app */ = {isa = PBXFileReference; explicitFileType = wrapper.application; includeInIndex = 0; path = "03-知识点补充.app"; sourceTree = BUILT_PRODUCTS_DIR; };
		18BD6F4A1946926F00B99CBB /* Foundation.framework */ = {isa = PBXFileReference; lastKnownFileType = wrapper.framework; name = Foundation.framework; path = System/Library/Frameworks/Foundation.framework; sourceTree = SDKROOT; };
		18BD6F4C1946926F00B99CBB /* CoreGraphics.framework */ = {isa = PBXFileReference; lastKnownFileType = wrapper.framework; name = CoreGraphics.framework; path = System/Library/Frameworks/CoreGraphics.framework; sourceTree = SDKROOT; };
		18BD6F4E1946926F00B99CBB /* UIKit.framework */ = {isa = PBXFileReference; lastKnownFileType = wrapper.framework; name = UIKit.framework; path = System/Library/Frameworks/UIKit.framework; sourceTree = SDKROOT; };
		18BD6F521946927000B99CBB /* 03-知识点补充-Info.plist */ = {isa = PBXFileReference; lastKnownFileType = text.plist.xml; path = "03-知识点补充-Info.plist"; sourceTree = "<group>"; };
		18BD6F541946927000B99CBB /* en */ = {isa = PBXFileReference; lastKnownFileType = text.plist.strings; name = en; path = en.lproj/InfoPlist.strings; sourceTree = "<group>"; };
		18BD6F561946927000B99CBB /* main.m */ = {isa = PBXFileReference; lastKnownFileType = sourcecode.c.objc; path = main.m; sourceTree = "<group>"; };
		18BD6F581946927000B99CBB /* 03-知识点补充-Prefix.pch */ = {isa = PBXFileReference; lastKnownFileType = sourcecode.c.h; path = "03-知识点补充-Prefix.pch"; sourceTree = "<group>"; };
		18BD6F591946927000B99CBB /* NJAppDelegate.h */ = {isa = PBXFileReference; lastKnownFileType = sourcecode.c.h; path = NJAppDelegate.h; sourceTree = "<group>"; };
		18BD6F5A1946927000B99CBB /* NJAppDelegate.m */ = {isa = PBXFileReference; lastKnownFileType = sourcecode.c.objc; path = NJAppDelegate.m; sourceTree = "<group>"; };
		18BD6F5D1946927000B99CBB /* Base */ = {isa = PBXFileReference; lastKnownFileType = file.storyboard; name = Base; path = Base.lproj/Main.storyboard; sourceTree = "<group>"; };
		18BD6F5F1946927000B99CBB /* NJViewController.h */ = {isa = PBXFileReference; lastKnownFileType = sourcecode.c.h; path = NJViewController.h; sourceTree = "<group>"; };
		18BD6F601946927000B99CBB /* NJViewController.m */ = {isa = PBXFileReference; lastKnownFileType = sourcecode.c.objc; path = NJViewController.m; sourceTree = "<group>"; };
		18BD6F621946927000B99CBB /* Images.xcassets */ = {isa = PBXFileReference; lastKnownFileType = folder.assetcatalog; path = Images.xcassets; sourceTree = "<group>"; };
		18BD6F681946927000B99CBB /* 03-知识点补充Tests.xctest */ = {isa = PBXFileReference; explicitFileType = wrapper.cfbundle; includeInIndex = 0; path = "03-知识点补充Tests.xctest"; sourceTree = BUILT_PRODUCTS_DIR; };
		18BD6F691946927000B99CBB /* XCTest.framework */ = {isa = PBXFileReference; lastKnownFileType = wrapper.framework; name = XCTest.framework; path = Library/Frameworks/XCTest.framework; sourceTree = DEVELOPER_DIR; };
		18BD6F711946927000B99CBB /* 03-知识点补充Tests-Info.plist */ = {isa = PBXFileReference; lastKnownFileType = text.plist.xml; path = "03-知识点补充Tests-Info.plist"; sourceTree = "<group>"; };
		18BD6F731946927000B99CBB /* en */ = {isa = PBXFileReference; lastKnownFileType = text.plist.strings; name = en; path = en.lproj/InfoPlist.strings; sourceTree = "<group>"; };
		18BD6F751946927000B99CBB /* _3______Tests.m */ = {isa = PBXFileReference; lastKnownFileType = sourcecode.c.objc; path = "_3______Tests.m"; sourceTree = "<group>"; };
		18BD6F7F1946928100B99CBB /* NJView.h */ = {isa = PBXFileReference; fileEncoding = 4; lastKnownFileType = sourcecode.c.h; path = NJView.h; sourceTree = "<group>"; };
		18BD6F801946928100B99CBB /* NJView.m */ = {isa = PBXFileReference; fileEncoding = 4; lastKnownFileType = sourcecode.c.objc; path = NJView.m; sourceTree = "<group>"; };
/* End PBXFileReference section */

/* Begin PBXFrameworksBuildPhase section */
		18BD6F441946926F00B99CBB /* Frameworks */ = {
			isa = PBXFrameworksBuildPhase;
			buildActionMask = 2147483647;
			files = (
				18BD6F4D1946926F00B99CBB /* CoreGraphics.framework in Frameworks */,
				18BD6F4F1946926F00B99CBB /* UIKit.framework in Frameworks */,
				18BD6F4B1946926F00B99CBB /* Foundation.framework in Frameworks */,
			);
			runOnlyForDeploymentPostprocessing = 0;
		};
		18BD6F651946927000B99CBB /* Frameworks */ = {
			isa = PBXFrameworksBuildPhase;
			buildActionMask = 2147483647;
			files = (
				18BD6F6A1946927000B99CBB /* XCTest.framework in Frameworks */,
				18BD6F6C1946927000B99CBB /* UIKit.framework in Frameworks */,
				18BD6F6B1946927000B99CBB /* Foundation.framework in Frameworks */,
			);
			runOnlyForDeploymentPostprocessing = 0;
		};
/* End PBXFrameworksBuildPhase section */

/* Begin PBXGroup section */
		18BD6F3E1946926F00B99CBB = {
			isa = PBXGroup;
			children = (
				18BD6F501946926F00B99CBB /* 03-知识点补充 */,
				18BD6F6F1946927000B99CBB /* 03-知识点补充Tests */,
				18BD6F491946926F00B99CBB /* Frameworks */,
				18BD6F481946926F00B99CBB /* Products */,
			);
			sourceTree = "<group>";
		};
		18BD6F481946926F00B99CBB /* Products */ = {
			isa = PBXGroup;
			children = (
				18BD6F471946926F00B99CBB /* 03-知识点补充.app */,
				18BD6F681946927000B99CBB /* 03-知识点补充Tests.xctest */,
			);
			name = Products;
			sourceTree = "<group>";
		};
		18BD6F491946926F00B99CBB /* Frameworks */ = {
			isa = PBXGroup;
			children = (
				18BD6F4A1946926F00B99CBB /* Foundation.framework */,
				18BD6F4C1946926F00B99CBB /* CoreGraphics.framework */,
				18BD6F4E1946926F00B99CBB /* UIKit.framework */,
				18BD6F691946927000B99CBB /* XCTest.framework */,
			);
			name = Frameworks;
			sourceTree = "<group>";
		};
		18BD6F501946926F00B99CBB /* 03-知识点补充 */ = {
			isa = PBXGroup;
			children = (
				18BD6F591946927000B99CBB /* NJAppDelegate.h */,
				18BD6F5A1946927000B99CBB /* NJAppDelegate.m */,
				18BD6F5C1946927000B99CBB /* Main.storyboard */,
				18BD6F7F1946928100B99CBB /* NJView.h */,
				18BD6F801946928100B99CBB /* NJView.m */,
				18BD6F5F1946927000B99CBB /* NJViewController.h */,
				18BD6F601946927000B99CBB /* NJViewController.m */,
				18BD6F621946927000B99CBB /* Images.xcassets */,
				18BD6F511946927000B99CBB /* Supporting Files */,
			);
			path = "03-知识点补充";
			sourceTree = "<group>";
		};
		18BD6F511946927000B99CBB /* Supporting Files */ = {
			isa = PBXGroup;
			children = (
				18BD6F521946927000B99CBB /* 03-知识点补充-Info.plist */,
				18BD6F531946927000B99CBB /* InfoPlist.strings */,
				18BD6F561946927000B99CBB /* main.m */,
				18BD6F581946927000B99CBB /* 03-知识点补充-Prefix.pch */,
			);
			name = "Supporting Files";
			sourceTree = "<group>";
		};
		18BD6F6F1946927000B99CBB /* 03-知识点补充Tests */ = {
			isa = PBXGroup;
			children = (
				18BD6F751946927000B99CBB /* _3______Tests.m */,
				18BD6F701946927000B99CBB /* Supporting Files */,
			);
			path = "03-知识点补充Tests";
			sourceTree = "<group>";
		};
		18BD6F701946927000B99CBB /* Supporting Files */ = {
			isa = PBXGroup;
			children = (
				18BD6F711946927000B99CBB /* 03-知识点补充Tests-Info.plist */,
				18BD6F721946927000B99CBB /* InfoPlist.strings */,
			);
			name = "Supporting Files";
			sourceTree = "<group>";
		};
/* End PBXGroup section */

/* Begin PBXNativeTarget section */
		18BD6F461946926F00B99CBB /* 03-知识点补充 */ = {
			isa = PBXNativeTarget;
			buildConfigurationList = 18BD6F791946927000B99CBB /* Build configuration list for PBXNativeTarget "03-知识点补充" */;
			buildPhases = (
				18BD6F431946926F00B99CBB /* Sources */,
				18BD6F441946926F00B99CBB /* Frameworks */,
				18BD6F451946926F00B99CBB /* Resources */,
			);
			buildRules = (
			);
			dependencies = (
			);
			name = "03-知识点补充";
			productName = "03-知识点补充";
			productReference = 18BD6F471946926F00B99CBB /* 03-知识点补充.app */;
			productType = "com.apple.product-type.application";
		};
		18BD6F671946927000B99CBB /* 03-知识点补充Tests */ = {
			isa = PBXNativeTarget;
			buildConfigurationList = 18BD6F7C1946927000B99CBB /* Build configuration list for PBXNativeTarget "03-知识点补充Tests" */;
			buildPhases = (
				18BD6F641946927000B99CBB /* Sources */,
				18BD6F651946927000B99CBB /* Frameworks */,
				18BD6F661946927000B99CBB /* Resources */,
			);
			buildRules = (
			);
			dependencies = (
				18BD6F6E1946927000B99CBB /* PBXTargetDependency */,
			);
			name = "03-知识点补充Tests";
			productName = "03-知识点补充Tests";
			productReference = 18BD6F681946927000B99CBB /* 03-知识点补充Tests.xctest */;
			productType = "com.apple.product-type.bundle.unit-test";
		};
/* End PBXNativeTarget section */

/* Begin PBXProject section */
		18BD6F3F1946926F00B99CBB /* Project object */ = {
			isa = PBXProject;
			attributes = {
				CLASSPREFIX = NJ;
				LastUpgradeCheck = 0510;
				ORGANIZATIONNAME = heima;
				TargetAttributes = {
					18BD6F671946927000B99CBB = {
						TestTargetID = 18BD6F461946926F00B99CBB;
					};
				};
			};
			buildConfigurationList = 18BD6F421946926F00B99CBB /* Build configuration list for PBXProject "03-知识点补充" */;
			compatibilityVersion = "Xcode 3.2";
			developmentRegion = English;
			hasScannedForEncodings = 0;
			knownRegions = (
				en,
				Base,
			);
			mainGroup = 18BD6F3E1946926F00B99CBB;
			productRefGroup = 18BD6F481946926F00B99CBB /* Products */;
			projectDirPath = "";
			projectRoot = "";
			targets = (
				18BD6F461946926F00B99CBB /* 03-知识点补充 */,
				18BD6F671946927000B99CBB /* 03-知识点补充Tests */,
			);
		};
/* End PBXProject section */

/* Begin PBXResourcesBuildPhase section */
		18BD6F451946926F00B99CBB /* Resources */ = {
			isa = PBXResourcesBuildPhase;
			buildActionMask = 2147483647;
			files = (
				18BD6F631946927000B99CBB /* Images.xcassets in Resources */,
				18BD6F551946927000B99CBB /* InfoPlist.strings in Resources */,
				18BD6F5E1946927000B99CBB /* Main.storyboard in Resources */,
			);
			runOnlyForDeploymentPostprocessing = 0;
		};
		18BD6F661946927000B99CBB /* Resources */ = {
			isa = PBXResourcesBuildPhase;
			buildActionMask = 2147483647;
			files = (
				18BD6F741946927000B99CBB /* InfoPlist.strings in Resources */,
			);
			runOnlyForDeploymentPostprocessing = 0;
		};
/* End PBXResourcesBuildPhase section */

/* Begin PBXSourcesBuildPhase section */
		18BD6F431946926F00B99CBB /* Sources */ = {
			isa = PBXSourcesBuildPhase;
			buildActionMask = 2147483647;
			files = (
				18BD6F611946927000B99CBB /* NJViewController.m in Sources */,
				18BD6F5B1946927000B99CBB /* NJAppDelegate.m in Sources */,
				18BD6F811946928100B99CBB /* NJView.m in Sources */,
				18BD6F571946927000B99CBB /* main.m in Sources */,
			);
			runOnlyForDeploymentPostprocessing = 0;
		};
		18BD6F641946927000B99CBB /* Sources */ = {
			isa = PBXSourcesBuildPhase;
			buildActionMask = 2147483647;
			files = (
				18BD6F761946927000B99CBB /* _3______Tests.m in Sources */,
			);
			runOnlyForDeploymentPostprocessing = 0;
		};
/* End PBXSourcesBuildPhase section */

/* Begin PBXTargetDependency section */
		18BD6F6E1946927000B99CBB /* PBXTargetDependency */ = {
			isa = PBXTargetDependency;
			target = 18BD6F461946926F00B99CBB /* 03-知识点补充 */;
			targetProxy = 18BD6F6D1946927000B99CBB /* PBXContainerItemProxy */;
		};
/* End PBXTargetDependency section */

/* Begin PBXVariantGroup section */
		18BD6F531946927000B99CBB /* InfoPlist.strings */ = {
			isa = PBXVariantGroup;
			children = (
				18BD6F541946927000B99CBB /* en */,
			);
			name = InfoPlist.strings;
			sourceTree = "<group>";
		};
		18BD6F5C1946927000B99CBB /* Main.storyboard */ = {
			isa = PBXVariantGroup;
			children = (
				18BD6F5D1946927000B99CBB /* Base */,
			);
			name = Main.storyboard;
			sourceTree = "<group>";
		};
		18BD6F721946927000B99CBB /* InfoPlist.strings */ = {
			isa = PBXVariantGroup;
			children = (
				18BD6F731946927000B99CBB /* en */,
			);
			name = InfoPlist.strings;
			sourceTree = "<group>";
		};
/* End PBXVariantGroup section */

/* Begin XCBuildConfiguration section */
		18BD6F771946927000B99CBB /* Debug */ = {
			isa = XCBuildConfiguration;
			buildSettings = {
				ALWAYS_SEARCH_USER_PATHS = NO;
				CLANG_CXX_LANGUAGE_STANDARD = "gnu++0x";
				CLANG_CXX_LIBRARY = "libc++";
				CLANG_ENABLE_MODULES = YES;
				CLANG_ENABLE_OBJC_ARC = YES;
				CLANG_WARN_BOOL_CONVERSION = YES;
				CLANG_WARN_CONSTANT_CONVERSION = YES;
				CLANG_WARN_DIRECT_OBJC_ISA_USAGE = YES_ERROR;
				CLANG_WARN_EMPTY_BODY = YES;
				CLANG_WARN_ENUM_CONVERSION = YES;
				CLANG_WARN_INT_CONVERSION = YES;
				CLANG_WARN_OBJC_ROOT_CLASS = YES_ERROR;
				CLANG_WARN__DUPLICATE_METHOD_MATCH = YES;
				"CODE_SIGN_IDENTITY[sdk=iphoneos*]" = "iPhone Developer";
				COPY_PHASE_STRIP = NO;
				GCC_C_LANGUAGE_STANDARD = gnu99;
				GCC_DYNAMIC_NO_PIC = NO;
				GCC_OPTIMIZATION_LEVEL = 0;
				GCC_PREPROCESSOR_DEFINITIONS = (
					"DEBUG=1",
					"$(inherited)",
				);
				GCC_SYMBOLS_PRIVATE_EXTERN = NO;
				GCC_WARN_64_TO_32_BIT_CONVERSION = YES;
				GCC_WARN_ABOUT_RETURN_TYPE = YES_ERROR;
				GCC_WARN_UNDECLARED_SELECTOR = YES;
				GCC_WARN_UNINITIALIZED_AUTOS = YES_AGGRESSIVE;
				GCC_WARN_UNUSED_FUNCTION = YES;
				GCC_WARN_UNUSED_VARIABLE = YES;
				IPHONEOS_DEPLOYMENT_TARGET = 7.1;
				ONLY_ACTIVE_ARCH = YES;
				SDKROOT = iphoneos;
			};
			name = Debug;
		};
		18BD6F781946927000B99CBB /* Release */ = {
			isa = XCBuildConfiguration;
			buildSettings = {
				ALWAYS_SEARCH_USER_PATHS = NO;
				CLANG_CXX_LANGUAGE_STANDARD = "gnu++0x";
				CLANG_CXX_LIBRARY = "libc++";
				CLANG_ENABLE_MODULES = YES;
				CLANG_ENABLE_OBJC_ARC = YES;
				CLANG_WARN_BOOL_CONVERSION = YES;
				CLANG_WARN_CONSTANT_CONVERSION = YES;
				CLANG_WARN_DIRECT_OBJC_ISA_USAGE = YES_ERROR;
				CLANG_WARN_EMPTY_BODY = YES;
				CLANG_WARN_ENUM_CONVERSION = YES;
				CLANG_WARN_INT_CONVERSION = YES;
				CLANG_WARN_OBJC_ROOT_CLASS = YES_ERROR;
				CLANG_WARN__DUPLICATE_METHOD_MATCH = YES;
				"CODE_SIGN_IDENTITY[sdk=iphoneos*]" = "iPhone Developer";
				COPY_PHASE_STRIP = YES;
				ENABLE_NS_ASSERTIONS = NO;
				GCC_C_LANGUAGE_STANDARD = gnu99;
				GCC_WARN_64_TO_32_BIT_CONVERSION = YES;
				GCC_WARN_ABOUT_RETURN_TYPE = YES_ERROR;
				GCC_WARN_UNDECLARED_SELECTOR = YES;
				GCC_WARN_UNINITIALIZED_AUTOS = YES_AGGRESSIVE;
				GCC_WARN_UNUSED_FUNCTION = YES;
				GCC_WARN_UNUSED_VARIABLE = YES;
				IPHONEOS_DEPLOYMENT_TARGET = 7.1;
				SDKROOT = iphoneos;
				VALIDATE_PRODUCT = YES;
			};
			name = Release;
		};
		18BD6F7A1946927000B99CBB /* Debug */ = {
			isa = XCBuildConfiguration;
			buildSettings = {
				ASSETCATALOG_COMPILER_APPICON_NAME = AppIcon;
				ASSETCATALOG_COMPILER_LAUNCHIMAGE_NAME = LaunchImage;
				GCC_PRECOMPILE_PREFIX_HEADER = YES;
				GCC_PREFIX_HEADER = "03-知识点补充/03-知识点补充-Prefix.pch";
				INFOPLIST_FILE = "03-知识点补充/03-知识点补充-Info.plist";
				PRODUCT_NAME = "$(TARGET_NAME)";
				WRAPPER_EXTENSION = app;
			};
			name = Debug;
		};
		18BD6F7B1946927000B99CBB /* Release */ = {
			isa = XCBuildConfiguration;
			buildSettings = {
				ASSETCATALOG_COMPILER_APPICON_NAME = AppIcon;
				ASSETCATALOG_COMPILER_LAUNCHIMAGE_NAME = LaunchImage;
				GCC_PRECOMPILE_PREFIX_HEADER = YES;
				GCC_PREFIX_HEADER = "03-知识点补充/03-知识点补充-Prefix.pch";
				INFOPLIST_FILE = "03-知识点补充/03-知识点补充-Info.plist";
				PRODUCT_NAME = "$(TARGET_NAME)";
				WRAPPER_EXTENSION = app;
			};
			name = Release;
		};
		18BD6F7D1946927000B99CBB /* Debug */ = {
			isa = XCBuildConfiguration;
			buildSettings = {
				BUNDLE_LOADER = "$(BUILT_PRODUCTS_DIR)/03-知识点补充.app/03-知识点补充";
				FRAMEWORK_SEARCH_PATHS = (
					"$(SDKROOT)/Developer/Library/Frameworks",
					"$(inherited)",
					"$(DEVELOPER_FRAMEWORKS_DIR)",
				);
				GCC_PRECOMPILE_PREFIX_HEADER = YES;
				GCC_PREFIX_HEADER = "03-知识点补充/03-知识点补充-Prefix.pch";
				GCC_PREPROCESSOR_DEFINITIONS = (
					"DEBUG=1",
					"$(inherited)",
				);
				INFOPLIST_FILE = "03-知识点补充Tests/03-知识点补充Tests-Info.plist";
				PRODUCT_NAME = "$(TARGET_NAME)";
				TEST_HOST = "$(BUNDLE_LOADER)";
				WRAPPER_EXTENSION = xctest;
			};
			name = Debug;
		};
		18BD6F7E1946927000B99CBB /* Release */ = {
			isa = XCBuildConfiguration;
			buildSettings = {
				BUNDLE_LOADER = "$(BUILT_PRODUCTS_DIR)/03-知识点补充.app/03-知识点补充";
				FRAMEWORK_SEARCH_PATHS = (
					"$(SDKROOT)/Developer/Library/Frameworks",
					"$(inherited)",
					"$(DEVELOPER_FRAMEWORKS_DIR)",
				);
				GCC_PRECOMPILE_PREFIX_HEADER = YES;
				GCC_PREFIX_HEADER = "03-知识点补充/03-知识点补充-Prefix.pch";
				INFOPLIST_FILE = "03-知识点补充Tests/03-知识点补充Tests-Info.plist";
				PRODUCT_NAME = "$(TARGET_NAME)";
				TEST_HOST = "$(BUNDLE_LOADER)";
				WRAPPER_EXTENSION = xctest;
			};
			name = Release;
		};
/* End XCBuildConfiguration section */

/* Begin XCConfigurationList section */
		18BD6F421946926F00B99CBB /* Build configuration list for PBXProject "03-知识点补充" */ = {
			isa = XCConfigurationList;
			buildConfigurations = (
				18BD6F771946927000B99CBB /* Debug */,
				18BD6F781946927000B99CBB /* Release */,
			);
			defaultConfigurationIsVisible = 0;
			defaultConfigurationName = Release;
		};
		18BD6F791946927000B99CBB /* Build configuration list for PBXNativeTarget "03-知识点补充" */ = {
			isa = XCConfigurationList;
			buildConfigurations = (
				18BD6F7A1946927000B99CBB /* Debug */,
				18BD6F7B1946927000B99CBB /* Release */,
			);
			defaultConfigurationIsVisible = 0;
		};
		18BD6F7C1946927000B99CBB /* Build configuration list for PBXNativeTarget "03-知识点补充Tests" */ = {
			isa = XCConfigurationList;
			buildConfigurations = (
				18BD6F7D1946927000B99CBB /* Debug */,
				18BD6F7E1946927000B99CBB /* Release */,
			);
			defaultConfigurationIsVisible = 0;
		};
/* End XCConfigurationList section */
	};
	rootObject = 18BD6F3F1946926F00B99CBB /* Project object */;
}
