// !$*UTF8*$!
{
	archiveVersion = 1;
	classes = {
	};
	objectVersion = 46;
	objects = {

/* Begin PBXBuildFile section */
		18694FC5186C76C500F924D4 /* UIImage+Fit.m in Sources */ = {isa = PBXBuildFile; fileRef = 18694FC4186C76C500F924D4 /* UIImage+Fit.m */; };
		18694FC8186C78CB00F924D4 /* NJLoginViewController.m in Sources */ = {isa = PBXBuildFile; fileRef = 18694FC7186C78CB00F924D4 /* NJLoginViewController.m */; };
		18694FCB186C792100F924D4 /* NJServiceViewController.m in Sources */ = {isa = PBXBuildFile; fileRef = 18694FCA186C792100F924D4 /* NJServiceViewController.m */; };
		18694FD1186C7F7C00F924D4 /* NJConstant.m in Sources */ = {isa = PBXBuildFile; fileRef = 18694FD0186C7F7C00F924D4 /* NJConstant.m */; };
		1879B67F1870558B00A01364 /* Main.storyboard in Resources */ = {isa = PBXBuildFile; fileRef = 18B8E1E11867C93700BABED5 /* Main.storyboard */; };
		1887E72B186AA59B006DCE7E /* NJSettingTool.m in Sources */ = {isa = PBXBuildFile; fileRef = 1887E72A186AA59B006DCE7E /* NJSettingTool.m */; };
		1887E72E186AA6E5006DCE7E /* NJSettingValueItem.m in Sources */ = {isa = PBXBuildFile; fileRef = 1887E72D186AA6E5006DCE7E /* NJSettingValueItem.m */; };
		1887E733186AA849006DCE7E /* NJSettingKeys.m in Sources */ = {isa = PBXBuildFile; fileRef = 1887E732186AA849006DCE7E /* NJSettingKeys.m */; };
		18957AF0186C080200953FCB /* NJCircleBgView.m in Sources */ = {isa = PBXBuildFile; fileRef = 18957AEF186C080200953FCB /* NJCircleBgView.m */; };
		18B8E1D01867C93700BABED5 /* Foundation.framework in Frameworks */ = {isa = PBXBuildFile; fileRef = 18B8E1CF1867C93700BABED5 /* Foundation.framework */; };
		18B8E1D21867C93700BABED5 /* CoreGraphics.framework in Frameworks */ = {isa = PBXBuildFile; fileRef = 18B8E1D11867C93700BABED5 /* CoreGraphics.framework */; };
		18B8E1D41867C93700BABED5 /* UIKit.framework in Frameworks */ = {isa = PBXBuildFile; fileRef = 18B8E1D31867C93700BABED5 /* UIKit.framework */; };
		18B8E1DA1867C93700BABED5 /* InfoPlist.strings in Resources */ = {isa = PBXBuildFile; fileRef = 18B8E1D81867C93700BABED5 /* InfoPlist.strings */; };
		18B8E1E81867C93700BABED5 /* Images.xcassets in Resources */ = {isa = PBXBuildFile; fileRef = 18B8E1E71867C93700BABED5 /* Images.xcassets */; };
		18B8E1EF1867C93700BABED5 /* XCTest.framework in Frameworks */ = {isa = PBXBuildFile; fileRef = 18B8E1EE1867C93700BABED5 /* XCTest.framework */; };
		18B8E1F01867C93700BABED5 /* Foundation.framework in Frameworks */ = {isa = PBXBuildFile; fileRef = 18B8E1CF1867C93700BABED5 /* Foundation.framework */; };
		18B8E1F11867C93700BABED5 /* UIKit.framework in Frameworks */ = {isa = PBXBuildFile; fileRef = 18B8E1D31867C93700BABED5 /* UIKit.framework */; };
		18B8E1F91867C93700BABED5 /* InfoPlist.strings in Resources */ = {isa = PBXBuildFile; fileRef = 18B8E1F71867C93700BABED5 /* InfoPlist.strings */; };
		18B8E1FB1867C93700BABED5 /* _1_ItcastLotteryTests.m in Sources */ = {isa = PBXBuildFile; fileRef = 18B8E1FA1867C93700BABED5 /* _1_ItcastLotteryTests.m */; };
		18B8E20C1867CBE200BABED5 /* NJAppDelegate.m in Sources */ = {isa = PBXBuildFile; fileRef = 18B8E20A1867CBE200BABED5 /* NJAppDelegate.m */; };
		18B8E20D1867CBE200BABED5 /* main.m in Sources */ = {isa = PBXBuildFile; fileRef = 18B8E20B1867CBE200BABED5 /* main.m */; };
		18B8E2101867CC2300BABED5 /* NJTabBarController.m in Sources */ = {isa = PBXBuildFile; fileRef = 18B8E20F1867CC2300BABED5 /* NJTabBarController.m */; };
		18B8E2141867D05D00BABED5 /* NJTabBar.m in Sources */ = {isa = PBXBuildFile; fileRef = 18B8E2131867D05D00BABED5 /* NJTabBar.m */; };
		18B8E2421867D49700BABED5 /* NJAwardInfoViewController.m in Sources */ = {isa = PBXBuildFile; fileRef = 18B8E2311867D49700BABED5 /* NJAwardInfoViewController.m */; };
		18B8E2431867D49700BABED5 /* NJHallViewController.m in Sources */ = {isa = PBXBuildFile; fileRef = 18B8E2351867D49700BABED5 /* NJHallViewController.m */; };
		18B8E2441867D49700BABED5 /* NJLuckyNumViewController.m in Sources */ = {isa = PBXBuildFile; fileRef = 18B8E2391867D49700BABED5 /* NJLuckyNumViewController.m */; };
		18B8E2451867D49700BABED5 /* NJMineViewController.m in Sources */ = {isa = PBXBuildFile; fileRef = 18B8E23D1867D49700BABED5 /* NJMineViewController.m */; };
		18B8E2461867D49700BABED5 /* NJUnionBuyViewController.m in Sources */ = {isa = PBXBuildFile; fileRef = 18B8E2411867D49700BABED5 /* NJUnionBuyViewController.m */; };
		18B8E2491867D91E00BABED5 /* NJTabBarButton.m in Sources */ = {isa = PBXBuildFile; fileRef = 18B8E2481867D91E00BABED5 /* NJTabBarButton.m */; };
		18B8E24C1867E92600BABED5 /* NJNavigationController.m in Sources */ = {isa = PBXBuildFile; fileRef = 18B8E24B1867E92600BABED5 /* NJNavigationController.m */; };
		18B8E255186813CE00BABED5 /* NJSettingViewController.m in Sources */ = {isa = PBXBuildFile; fileRef = 18B8E254186813CE00BABED5 /* NJSettingViewController.m */; };
		18B8E25D18682B4100BABED5 /* NJSettingCell.m in Sources */ = {isa = PBXBuildFile; fileRef = 18B8E25C18682B4100BABED5 /* NJSettingCell.m */; };
		18B8E26018682E3900BABED5 /* NJSettingGroup.m in Sources */ = {isa = PBXBuildFile; fileRef = 18B8E25F18682E3900BABED5 /* NJSettingGroup.m */; };
		18B8E266186831FB00BABED5 /* NJBaseSettingViewController.m in Sources */ = {isa = PBXBuildFile; fileRef = 18B8E265186831FB00BABED5 /* NJBaseSettingViewController.m */; };
		18B8E2691868355500BABED5 /* NJAwardPushViewController.m in Sources */ = {isa = PBXBuildFile; fileRef = 18B8E2681868355500BABED5 /* NJAwardPushViewController.m */; };
		18C85AA4186927F700C27BB3 /* NJSettingItem.m in Sources */ = {isa = PBXBuildFile; fileRef = 18C85AA3186927F700C27BB3 /* NJSettingItem.m */; };
		18C85AA71869280A00C27BB3 /* NJSettingArrowItem.m in Sources */ = {isa = PBXBuildFile; fileRef = 18C85AA61869280A00C27BB3 /* NJSettingArrowItem.m */; };
		18C85AAA186928EE00C27BB3 /* NJSettingSwitchItem.m in Sources */ = {isa = PBXBuildFile; fileRef = 18C85AA9186928EE00C27BB3 /* NJSettingSwitchItem.m */; };
		18C85AB318692C9B00C27BB3 /* NJSettingLabelItem.m in Sources */ = {isa = PBXBuildFile; fileRef = 18C85AB218692C9B00C27BB3 /* NJSettingLabelItem.m */; };
		18C85ABD1869356D00C27BB3 /* NJAwardAnimViewController.m in Sources */ = {isa = PBXBuildFile; fileRef = 18C85AB61869356D00C27BB3 /* NJAwardAnimViewController.m */; };
		18C85ABE1869356D00C27BB3 /* NJBuyTimedNoticeViewController.m in Sources */ = {isa = PBXBuildFile; fileRef = 18C85AB81869356D00C27BB3 /* NJBuyTimedNoticeViewController.m */; };
		18C85ABF1869356D00C27BB3 /* NJPushNoticeViewController.m in Sources */ = {isa = PBXBuildFile; fileRef = 18C85ABA1869356D00C27BB3 /* NJPushNoticeViewController.m */; };
		18C85AC01869356D00C27BB3 /* NJScoreShowNoticeViewController.m in Sources */ = {isa = PBXBuildFile; fileRef = 18C85ABC1869356D00C27BB3 /* NJScoreShowNoticeViewController.m */; };
		18C85AC41869367900C27BB3 /* NJShareViewController.m in Sources */ = {isa = PBXBuildFile; fileRef = 18C85AC31869367900C27BB3 /* NJShareViewController.m */; };
		18C85AC81869372500C27BB3 /* NJAboutViewController.m in Sources */ = {isa = PBXBuildFile; fileRef = 18C85AC71869372500C27BB3 /* NJAboutViewController.m */; };
		18C85ACD186939A300C27BB3 /* NJAboutHeaderView.m in Sources */ = {isa = PBXBuildFile; fileRef = 18C85ACB186939A300C27BB3 /* NJAboutHeaderView.m */; };
		18C85ACE186939A300C27BB3 /* NJAboutHeaderView.xib in Resources */ = {isa = PBXBuildFile; fileRef = 18C85ACC186939A300C27BB3 /* NJAboutHeaderView.xib */; };
		18C85AEE18695EAE00C27BB3 /* bjdc_howto.html in Resources */ = {isa = PBXBuildFile; fileRef = 18C85AD118695EAE00C27BB3 /* bjdc_howto.html */; };
		18C85AEF18695EAE00C27BB3 /* coupon_help.html in Resources */ = {isa = PBXBuildFile; fileRef = 18C85AD218695EAE00C27BB3 /* coupon_help.html */; };
		18C85AF018695EAE00C27BB3 /* credit_help.html in Resources */ = {isa = PBXBuildFile; fileRef = 18C85AD318695EAE00C27BB3 /* credit_help.html */; };
		18C85AF118695EAE00C27BB3 /* dlt_howto.html in Resources */ = {isa = PBXBuildFile; fileRef = 18C85AD418695EAE00C27BB3 /* dlt_howto.html */; };
		18C85AF218695EAE00C27BB3 /* f9_howto.html in Resources */ = {isa = PBXBuildFile; fileRef = 18C85AD518695EAE00C27BB3 /* f9_howto.html */; };
		18C85AF318695EAE00C27BB3 /* gdy11_howto.html in Resources */ = {isa = PBXBuildFile; fileRef = 18C85AD618695EAE00C27BB3 /* gdy11_howto.html */; };
		18C85AF418695EAE00C27BB3 /* group_record.html in Resources */ = {isa = PBXBuildFile; fileRef = 18C85AD718695EAE00C27BB3 /* group_record.html */; };
		18C85AF518695EAE00C27BB3 /* help.html in Resources */ = {isa = PBXBuildFile; fileRef = 18C85AD818695EAE00C27BB3 /* help.html */; };
		18C85AF618695EAE00C27BB3 /* helpGroupBuy.html in Resources */ = {isa = PBXBuildFile; fileRef = 18C85AD918695EAE00C27BB3 /* helpGroupBuy.html */; };
		18C85AF718695EAE00C27BB3 /* jclq_howto.html in Resources */ = {isa = PBXBuildFile; fileRef = 18C85ADA18695EAE00C27BB3 /* jclq_howto.html */; };
		18C85AF818695EAE00C27BB3 /* jczq_howto.html in Resources */ = {isa = PBXBuildFile; fileRef = 18C85ADB18695EAE00C27BB3 /* jczq_howto.html */; };
		18C85AF918695EAE00C27BB3 /* jxssc_howto.html in Resources */ = {isa = PBXBuildFile; fileRef = 18C85ADC18695EAE00C27BB3 /* jxssc_howto.html */; };
		18C85AFA18695EAE00C27BB3 /* jxy11_howto.html in Resources */ = {isa = PBXBuildFile; fileRef = 18C85ADD18695EAE00C27BB3 /* jxy11_howto.html */; };
		18C85AFB18695EAE00C27BB3 /* k2_howto.html in Resources */ = {isa = PBXBuildFile; fileRef = 18C85ADE18695EAE00C27BB3 /* k2_howto.html */; };
		18C85AFC18695EAE00C27BB3 /* k3_howto.html in Resources */ = {isa = PBXBuildFile; fileRef = 18C85ADF18695EAE00C27BB3 /* k3_howto.html */; };
		18C85AFD18695EAE00C27BB3 /* kl8_howto.html in Resources */ = {isa = PBXBuildFile; fileRef = 18C85AE018695EAE00C27BB3 /* kl8_howto.html */; };
		18C85AFE18695EAE00C27BB3 /* lk11_howto.html in Resources */ = {isa = PBXBuildFile; fileRef = 18C85AE118695EAE00C27BB3 /* lk11_howto.html */; };
		18C85AFF18695EAE00C27BB3 /* networkconnectedfailed.html in Resources */ = {isa = PBXBuildFile; fileRef = 18C85AE218695EAE00C27BB3 /* networkconnectedfailed.html */; };
		18C85B0018695EAE00C27BB3 /* pl3_howto.html in Resources */ = {isa = PBXBuildFile; fileRef = 18C85AE318695EAE00C27BB3 /* pl3_howto.html */; };
		18C85B0118695EAE00C27BB3 /* pl5_howto.html in Resources */ = {isa = PBXBuildFile; fileRef = 18C85AE418695EAE00C27BB3 /* pl5_howto.html */; };
		18C85B0218695EAE00C27BB3 /* qlc_howto.html in Resources */ = {isa = PBXBuildFile; fileRef = 18C85AE518695EAE00C27BB3 /* qlc_howto.html */; };
		18C85B0318695EAE00C27BB3 /* qxc_howto.html in Resources */ = {isa = PBXBuildFile; fileRef = 18C85AE618695EAE00C27BB3 /* qxc_howto.html */; };
		18C85B0418695EAE00C27BB3 /* sfc_howto.html in Resources */ = {isa = PBXBuildFile; fileRef = 18C85AE718695EAE00C27BB3 /* sfc_howto.html */; };
		18C85B0518695EAE00C27BB3 /* ssc_howto.html in Resources */ = {isa = PBXBuildFile; fileRef = 18C85AE818695EAE00C27BB3 /* ssc_howto.html */; };
		18C85B0618695EAE00C27BB3 /* ssq_howto.html in Resources */ = {isa = PBXBuildFile; fileRef = 18C85AE918695EAE00C27BB3 /* ssq_howto.html */; };
		18C85B0718695EAE00C27BB3 /* x3d_howto.html in Resources */ = {isa = PBXBuildFile; fileRef = 18C85AEA18695EAE00C27BB3 /* x3d_howto.html */; };
		18C85B0818695EAE00C27BB3 /* y11_howto.html in Resources */ = {isa = PBXBuildFile; fileRef = 18C85AEB18695EAE00C27BB3 /* y11_howto.html */; };
		18C85B0918695EAE00C27BB3 /* znzh.html in Resources */ = {isa = PBXBuildFile; fileRef = 18C85AEC18695EAE00C27BB3 /* znzh.html */; };
		18C85B0B18695ED300C27BB3 /* help.json in Resources */ = {isa = PBXBuildFile; fileRef = 18C85B0A18695ED300C27BB3 /* help.json */; };
		18C85B0F18695F0F00C27BB3 /* NJHelpViewController.m in Sources */ = {isa = PBXBuildFile; fileRef = 18C85B0E18695F0F00C27BB3 /* NJHelpViewController.m */; };
		18C85B12186960F900C27BB3 /* NJHtmlViewController.m in Sources */ = {isa = PBXBuildFile; fileRef = 18C85B11186960F900C27BB3 /* NJHtmlViewController.m */; };
		18C85B151869631C00C27BB3 /* NJHtmlPage.m in Sources */ = {isa = PBXBuildFile; fileRef = 18C85B141869631C00C27BB3 /* NJHtmlPage.m */; };
		18C85B171869652200C27BB3 /* rule.css in Resources */ = {isa = PBXBuildFile; fileRef = 18C85B161869652200C27BB3 /* rule.css */; };
		18C85B1B1869714400C27BB3 /* NJProductsViewController.m in Sources */ = {isa = PBXBuildFile; fileRef = 18C85B1A1869714400C27BB3 /* NJProductsViewController.m */; };
		18C85B1D186971AB00C27BB3 /* product.json in Resources */ = {isa = PBXBuildFile; fileRef = 18C85B1C186971AB00C27BB3 /* product.json */; };
		18C85B201869720800C27BB3 /* NJProduct.m in Sources */ = {isa = PBXBuildFile; fileRef = 18C85B1F1869720800C27BB3 /* NJProduct.m */; };
		18C85B241869743400C27BB3 /* NJProductCell.m in Sources */ = {isa = PBXBuildFile; fileRef = 18C85B231869743400C27BB3 /* NJProductCell.m */; };
		18C85B261869743C00C27BB3 /* NJProductCell.xib in Resources */ = {isa = PBXBuildFile; fileRef = 18C85B251869743C00C27BB3 /* NJProductCell.xib */; };
		18E4C1D5186B214300D32084 /* LuckyBackground-568h@2x.jpg in Resources */ = {isa = PBXBuildFile; fileRef = 18E4C1D3186B214300D32084 /* LuckyBackground-568h@2x.jpg */; };
		18E4C1D6186B214300D32084 /* LuckyBackground@2x.jpg in Resources */ = {isa = PBXBuildFile; fileRef = 18E4C1D4186B214300D32084 /* LuckyBackground@2x.jpg */; };
		18E4C1E3186B427800D32084 /* NJCircleItemView.m in Sources */ = {isa = PBXBuildFile; fileRef = 18E4C1E0186B427800D32084 /* NJCircleItemView.m */; };
		18E4C1E4186B427800D32084 /* NJCircleView.m in Sources */ = {isa = PBXBuildFile; fileRef = 18E4C1E2186B427800D32084 /* NJCircleView.m */; };
		18E4C1E8186B42B500D32084 /* NJThreeButton.m in Sources */ = {isa = PBXBuildFile; fileRef = 18E4C1E7186B42B400D32084 /* NJThreeButton.m */; };
		18E4C1EA186B42C400D32084 /* NJThreeButton.xib in Resources */ = {isa = PBXBuildFile; fileRef = 18E4C1E9186B42C400D32084 /* NJThreeButton.xib */; };
		18E4C1EC186B468D00D32084 /* NJCircleView.xib in Resources */ = {isa = PBXBuildFile; fileRef = 18E4C1EB186B468D00D32084 /* NJCircleView.xib */; };
/* End PBXBuildFile section */

/* Begin PBXContainerItemProxy section */
		18B8E1F21867C93700BABED5 /* PBXContainerItemProxy */ = {
			isa = PBXContainerItemProxy;
			containerPortal = 18B8E1C41867C93700BABED5 /* Project object */;
			proxyType = 1;
			remoteGlobalIDString = 18B8E1CB1867C93700BABED5;
			remoteInfo = "01-ItcastLottery";
		};
/* End PBXContainerItemProxy section */

/* Begin PBXFileReference section */
		18694FC3186C76C500F924D4 /* UIImage+Fit.h */ = {isa = PBXFileReference; fileEncoding = 4; lastKnownFileType = sourcecode.c.h; path = "UIImage+Fit.h"; sourceTree = "<group>"; };
		18694FC4186C76C500F924D4 /* UIImage+Fit.m */ = {isa = PBXFileReference; fileEncoding = 4; lastKnownFileType = sourcecode.c.objc; path = "UIImage+Fit.m"; sourceTree = "<group>"; };
		18694FC6186C78CB00F924D4 /* NJLoginViewController.h */ = {isa = PBXFileReference; fileEncoding = 4; lastKnownFileType = sourcecode.c.h; path = NJLoginViewController.h; sourceTree = "<group>"; };
		18694FC7186C78CB00F924D4 /* NJLoginViewController.m */ = {isa = PBXFileReference; fileEncoding = 4; lastKnownFileType = sourcecode.c.objc; path = NJLoginViewController.m; sourceTree = "<group>"; };
		18694FC9186C792100F924D4 /* NJServiceViewController.h */ = {isa = PBXFileReference; fileEncoding = 4; lastKnownFileType = sourcecode.c.h; path = NJServiceViewController.h; sourceTree = "<group>"; };
		18694FCA186C792100F924D4 /* NJServiceViewController.m */ = {isa = PBXFileReference; fileEncoding = 4; lastKnownFileType = sourcecode.c.objc; path = NJServiceViewController.m; sourceTree = "<group>"; };
		18694FCD186C7F5C00F924D4 /* NJConstant.h */ = {isa = PBXFileReference; lastKnownFileType = sourcecode.c.h; path = NJConstant.h; sourceTree = "<group>"; };
		18694FD0186C7F7C00F924D4 /* NJConstant.m */ = {isa = PBXFileReference; fileEncoding = 4; lastKnownFileType = sourcecode.c.objc; path = NJConstant.m; sourceTree = "<group>"; };
		1887E729186AA59B006DCE7E /* NJSettingTool.h */ = {isa = PBXFileReference; fileEncoding = 4; lastKnownFileType = sourcecode.c.h; path = NJSettingTool.h; sourceTree = "<group>"; };
		1887E72A186AA59B006DCE7E /* NJSettingTool.m */ = {isa = PBXFileReference; fileEncoding = 4; lastKnownFileType = sourcecode.c.objc; path = NJSettingTool.m; sourceTree = "<group>"; };
		1887E72C186AA6E5006DCE7E /* NJSettingValueItem.h */ = {isa = PBXFileReference; fileEncoding = 4; lastKnownFileType = sourcecode.c.h; path = NJSettingValueItem.h; sourceTree = "<group>"; };
		1887E72D186AA6E5006DCE7E /* NJSettingValueItem.m */ = {isa = PBXFileReference; fileEncoding = 4; lastKnownFileType = sourcecode.c.objc; path = NJSettingValueItem.m; sourceTree = "<group>"; };
		1887E731186AA815006DCE7E /* NJSettingKeys.h */ = {isa = PBXFileReference; lastKnownFileType = sourcecode.c.h; path = NJSettingKeys.h; sourceTree = "<group>"; };
		1887E732186AA849006DCE7E /* NJSettingKeys.m */ = {isa = PBXFileReference; fileEncoding = 4; lastKnownFileType = sourcecode.c.objc; path = NJSettingKeys.m; sourceTree = "<group>"; };
		18957AEE186C080200953FCB /* NJCircleBgView.h */ = {isa = PBXFileReference; fileEncoding = 4; lastKnownFileType = sourcecode.c.h; path = NJCircleBgView.h; sourceTree = "<group>"; };
		18957AEF186C080200953FCB /* NJCircleBgView.m */ = {isa = PBXFileReference; fileEncoding = 4; lastKnownFileType = sourcecode.c.objc; path = NJCircleBgView.m; sourceTree = "<group>"; };
		18B8E1CC1867C93700BABED5 /* 01-ItcastLottery.app */ = {isa = PBXFileReference; explicitFileType = wrapper.application; includeInIndex = 0; path = "01-ItcastLottery.app"; sourceTree = BUILT_PRODUCTS_DIR; };
		18B8E1CF1867C93700BABED5 /* Foundation.framework */ = {isa = PBXFileReference; lastKnownFileType = wrapper.framework; name = Foundation.framework; path = System/Library/Frameworks/Foundation.framework; sourceTree = SDKROOT; };
		18B8E1D11867C93700BABED5 /* CoreGraphics.framework */ = {isa = PBXFileReference; lastKnownFileType = wrapper.framework; name = CoreGraphics.framework; path = System/Library/Frameworks/CoreGraphics.framework; sourceTree = SDKROOT; };
		18B8E1D31867C93700BABED5 /* UIKit.framework */ = {isa = PBXFileReference; lastKnownFileType = wrapper.framework; name = UIKit.framework; path = System/Library/Frameworks/UIKit.framework; sourceTree = SDKROOT; };
		18B8E1D71867C93700BABED5 /* 01-ItcastLottery-Info.plist */ = {isa = PBXFileReference; lastKnownFileType = text.plist.xml; path = "01-ItcastLottery-Info.plist"; sourceTree = "<group>"; };
		18B8E1D91867C93700BABED5 /* en */ = {isa = PBXFileReference; lastKnownFileType = text.plist.strings; name = en; path = en.lproj/InfoPlist.strings; sourceTree = "<group>"; };
		18B8E1E21867C93700BABED5 /* Base */ = {isa = PBXFileReference; lastKnownFileType = file.storyboard; name = Base; path = Base.lproj/Main.storyboard; sourceTree = "<group>"; };
		18B8E1E71867C93700BABED5 /* Images.xcassets */ = {isa = PBXFileReference; lastKnownFileType = folder.assetcatalog; path = Images.xcassets; sourceTree = "<group>"; };
		18B8E1ED1867C93700BABED5 /* 01-ItcastLotteryTests.xctest */ = {isa = PBXFileReference; explicitFileType = wrapper.cfbundle; includeInIndex = 0; path = "01-ItcastLotteryTests.xctest"; sourceTree = BUILT_PRODUCTS_DIR; };
		18B8E1EE1867C93700BABED5 /* XCTest.framework */ = {isa = PBXFileReference; lastKnownFileType = wrapper.framework; name = XCTest.framework; path = Library/Frameworks/XCTest.framework; sourceTree = DEVELOPER_DIR; };
		18B8E1F61867C93700BABED5 /* 01-ItcastLotteryTests-Info.plist */ = {isa = PBXFileReference; lastKnownFileType = text.plist.xml; path = "01-ItcastLotteryTests-Info.plist"; sourceTree = "<group>"; };
		18B8E1F81867C93700BABED5 /* en */ = {isa = PBXFileReference; lastKnownFileType = text.plist.strings; name = en; path = en.lproj/InfoPlist.strings; sourceTree = "<group>"; };
		18B8E1FA1867C93700BABED5 /* _1_ItcastLotteryTests.m */ = {isa = PBXFileReference; lastKnownFileType = sourcecode.c.objc; path = _1_ItcastLotteryTests.m; sourceTree = "<group>"; };
		18B8E2081867CBE200BABED5 /* 01-ItcastLottery-Prefix.pch */ = {isa = PBXFileReference; fileEncoding = 4; lastKnownFileType = sourcecode.c.h; path = "01-ItcastLottery-Prefix.pch"; sourceTree = "<group>"; };
		18B8E2091867CBE200BABED5 /* NJAppDelegate.h */ = {isa = PBXFileReference; fileEncoding = 4; lastKnownFileType = sourcecode.c.h; path = NJAppDelegate.h; sourceTree = "<group>"; };
		18B8E20A1867CBE200BABED5 /* NJAppDelegate.m */ = {isa = PBXFileReference; fileEncoding = 4; lastKnownFileType = sourcecode.c.objc; path = NJAppDelegate.m; sourceTree = "<group>"; };
		18B8E20B1867CBE200BABED5 /* main.m */ = {isa = PBXFileReference; fileEncoding = 4; lastKnownFileType = sourcecode.c.objc; path = main.m; sourceTree = "<group>"; };
		18B8E20E1867CC2300BABED5 /* NJTabBarController.h */ = {isa = PBXFileReference; fileEncoding = 4; lastKnownFileType = sourcecode.c.h; path = NJTabBarController.h; sourceTree = "<group>"; };
		18B8E20F1867CC2300BABED5 /* NJTabBarController.m */ = {isa = PBXFileReference; fileEncoding = 4; lastKnownFileType = sourcecode.c.objc; path = NJTabBarController.m; sourceTree = "<group>"; };
		18B8E2121867D05D00BABED5 /* NJTabBar.h */ = {isa = PBXFileReference; fileEncoding = 4; lastKnownFileType = sourcecode.c.h; path = NJTabBar.h; sourceTree = "<group>"; };
		18B8E2131867D05D00BABED5 /* NJTabBar.m */ = {isa = PBXFileReference; fileEncoding = 4; lastKnownFileType = sourcecode.c.objc; path = NJTabBar.m; sourceTree = "<group>"; };
		18B8E2301867D49700BABED5 /* NJAwardInfoViewController.h */ = {isa = PBXFileReference; fileEncoding = 4; lastKnownFileType = sourcecode.c.h; path = NJAwardInfoViewController.h; sourceTree = "<group>"; };
		18B8E2311867D49700BABED5 /* NJAwardInfoViewController.m */ = {isa = PBXFileReference; fileEncoding = 4; lastKnownFileType = sourcecode.c.objc; path = NJAwardInfoViewController.m; sourceTree = "<group>"; };
		18B8E2341867D49700BABED5 /* NJHallViewController.h */ = {isa = PBXFileReference; fileEncoding = 4; lastKnownFileType = sourcecode.c.h; path = NJHallViewController.h; sourceTree = "<group>"; };
		18B8E2351867D49700BABED5 /* NJHallViewController.m */ = {isa = PBXFileReference; fileEncoding = 4; lastKnownFileType = sourcecode.c.objc; path = NJHallViewController.m; sourceTree = "<group>"; };
		18B8E2381867D49700BABED5 /* NJLuckyNumViewController.h */ = {isa = PBXFileReference; fileEncoding = 4; lastKnownFileType = sourcecode.c.h; path = NJLuckyNumViewController.h; sourceTree = "<group>"; };
		18B8E2391867D49700BABED5 /* NJLuckyNumViewController.m */ = {isa = PBXFileReference; fileEncoding = 4; lastKnownFileType = sourcecode.c.objc; path = NJLuckyNumViewController.m; sourceTree = "<group>"; };
		18B8E23C1867D49700BABED5 /* NJMineViewController.h */ = {isa = PBXFileReference; fileEncoding = 4; lastKnownFileType = sourcecode.c.h; path = NJMineViewController.h; sourceTree = "<group>"; };
		18B8E23D1867D49700BABED5 /* NJMineViewController.m */ = {isa = PBXFileReference; fileEncoding = 4; lastKnownFileType = sourcecode.c.objc; path = NJMineViewController.m; sourceTree = "<group>"; };
		18B8E2401867D49700BABED5 /* NJUnionBuyViewController.h */ = {isa = PBXFileReference; fileEncoding = 4; lastKnownFileType = sourcecode.c.h; path = NJUnionBuyViewController.h; sourceTree = "<group>"; };
		18B8E2411867D49700BABED5 /* NJUnionBuyViewController.m */ = {isa = PBXFileReference; fileEncoding = 4; lastKnownFileType = sourcecode.c.objc; path = NJUnionBuyViewController.m; sourceTree = "<group>"; };
		18B8E2471867D91E00BABED5 /* NJTabBarButton.h */ = {isa = PBXFileReference; fileEncoding = 4; lastKnownFileType = sourcecode.c.h; path = NJTabBarButton.h; sourceTree = "<group>"; };
		18B8E2481867D91E00BABED5 /* NJTabBarButton.m */ = {isa = PBXFileReference; fileEncoding = 4; lastKnownFileType = sourcecode.c.objc; path = NJTabBarButton.m; sourceTree = "<group>"; };
		18B8E24A1867E92600BABED5 /* NJNavigationController.h */ = {isa = PBXFileReference; fileEncoding = 4; lastKnownFileType = sourcecode.c.h; path = NJNavigationController.h; sourceTree = "<group>"; };
		18B8E24B1867E92600BABED5 /* NJNavigationController.m */ = {isa = PBXFileReference; fileEncoding = 4; lastKnownFileType = sourcecode.c.objc; path = NJNavigationController.m; sourceTree = "<group>"; };
		18B8E253186813CE00BABED5 /* NJSettingViewController.h */ = {isa = PBXFileReference; fileEncoding = 4; lastKnownFileType = sourcecode.c.h; path = NJSettingViewController.h; sourceTree = "<group>"; };
		18B8E254186813CE00BABED5 /* NJSettingViewController.m */ = {isa = PBXFileReference; fileEncoding = 4; lastKnownFileType = sourcecode.c.objc; path = NJSettingViewController.m; sourceTree = "<group>"; };
		18B8E25B18682B4100BABED5 /* NJSettingCell.h */ = {isa = PBXFileReference; fileEncoding = 4; lastKnownFileType = sourcecode.c.h; path = NJSettingCell.h; sourceTree = "<group>"; };
		18B8E25C18682B4100BABED5 /* NJSettingCell.m */ = {isa = PBXFileReference; fileEncoding = 4; lastKnownFileType = sourcecode.c.objc; path = NJSettingCell.m; sourceTree = "<group>"; };
		18B8E25E18682E3900BABED5 /* NJSettingGroup.h */ = {isa = PBXFileReference; fileEncoding = 4; lastKnownFileType = sourcecode.c.h; path = NJSettingGroup.h; sourceTree = "<group>"; };
		18B8E25F18682E3900BABED5 /* NJSettingGroup.m */ = {isa = PBXFileReference; fileEncoding = 4; lastKnownFileType = sourcecode.c.objc; path = NJSettingGroup.m; sourceTree = "<group>"; };
		18B8E264186831FB00BABED5 /* NJBaseSettingViewController.h */ = {isa = PBXFileReference; fileEncoding = 4; lastKnownFileType = sourcecode.c.h; path = NJBaseSettingViewController.h; sourceTree = "<group>"; };
		18B8E265186831FB00BABED5 /* NJBaseSettingViewController.m */ = {isa = PBXFileReference; fileEncoding = 4; lastKnownFileType = sourcecode.c.objc; path = NJBaseSettingViewController.m; sourceTree = "<group>"; };
		18B8E2671868355500BABED5 /* NJAwardPushViewController.h */ = {isa = PBXFileReference; fileEncoding = 4; lastKnownFileType = sourcecode.c.h; path = NJAwardPushViewController.h; sourceTree = "<group>"; };
		18B8E2681868355500BABED5 /* NJAwardPushViewController.m */ = {isa = PBXFileReference; fileEncoding = 4; lastKnownFileType = sourcecode.c.objc; path = NJAwardPushViewController.m; sourceTree = "<group>"; };
		18C85AA2186927F700C27BB3 /* NJSettingItem.h */ = {isa = PBXFileReference; fileEncoding = 4; lastKnownFileType = sourcecode.c.h; path = NJSettingItem.h; sourceTree = "<group>"; };
		18C85AA3186927F700C27BB3 /* NJSettingItem.m */ = {isa = PBXFileReference; fileEncoding = 4; lastKnownFileType = sourcecode.c.objc; path = NJSettingItem.m; sourceTree = "<group>"; };
		18C85AA51869280A00C27BB3 /* NJSettingArrowItem.h */ = {isa = PBXFileReference; fileEncoding = 4; lastKnownFileType = sourcecode.c.h; path = NJSettingArrowItem.h; sourceTree = "<group>"; };
		18C85AA61869280A00C27BB3 /* NJSettingArrowItem.m */ = {isa = PBXFileReference; fileEncoding = 4; lastKnownFileType = sourcecode.c.objc; path = NJSettingArrowItem.m; sourceTree = "<group>"; };
		18C85AA8186928EE00C27BB3 /* NJSettingSwitchItem.h */ = {isa = PBXFileReference; fileEncoding = 4; lastKnownFileType = sourcecode.c.h; path = NJSettingSwitchItem.h; sourceTree = "<group>"; };
		18C85AA9186928EE00C27BB3 /* NJSettingSwitchItem.m */ = {isa = PBXFileReference; fileEncoding = 4; lastKnownFileType = sourcecode.c.objc; path = NJSettingSwitchItem.m; sourceTree = "<group>"; };
		18C85AB118692C9B00C27BB3 /* NJSettingLabelItem.h */ = {isa = PBXFileReference; fileEncoding = 4; lastKnownFileType = sourcecode.c.h; path = NJSettingLabelItem.h; sourceTree = "<group>"; };
		18C85AB218692C9B00C27BB3 /* NJSettingLabelItem.m */ = {isa = PBXFileReference; fileEncoding = 4; lastKnownFileType = sourcecode.c.objc; path = NJSettingLabelItem.m; sourceTree = "<group>"; };
		18C85AB51869356D00C27BB3 /* NJAwardAnimViewController.h */ = {isa = PBXFileReference; fileEncoding = 4; lastKnownFileType = sourcecode.c.h; path = NJAwardAnimViewController.h; sourceTree = "<group>"; };
		18C85AB61869356D00C27BB3 /* NJAwardAnimViewController.m */ = {isa = PBXFileReference; fileEncoding = 4; lastKnownFileType = sourcecode.c.objc; path = NJAwardAnimViewController.m; sourceTree = "<group>"; };
		18C85AB71869356D00C27BB3 /* NJBuyTimedNoticeViewController.h */ = {isa = PBXFileReference; fileEncoding = 4; lastKnownFileType = sourcecode.c.h; path = NJBuyTimedNoticeViewController.h; sourceTree = "<group>"; };
		18C85AB81869356D00C27BB3 /* NJBuyTimedNoticeViewController.m */ = {isa = PBXFileReference; fileEncoding = 4; lastKnownFileType = sourcecode.c.objc; path = NJBuyTimedNoticeViewController.m; sourceTree = "<group>"; };
		18C85AB91869356D00C27BB3 /* NJPushNoticeViewController.h */ = {isa = PBXFileReference; fileEncoding = 4; lastKnownFileType = sourcecode.c.h; path = NJPushNoticeViewController.h; sourceTree = "<group>"; };
		18C85ABA1869356D00C27BB3 /* NJPushNoticeViewController.m */ = {isa = PBXFileReference; fileEncoding = 4; lastKnownFileType = sourcecode.c.objc; path = NJPushNoticeViewController.m; sourceTree = "<group>"; };
		18C85ABB1869356D00C27BB3 /* NJScoreShowNoticeViewController.h */ = {isa = PBXFileReference; fileEncoding = 4; lastKnownFileType = sourcecode.c.h; path = NJScoreShowNoticeViewController.h; sourceTree = "<group>"; };
		18C85ABC1869356D00C27BB3 /* NJScoreShowNoticeViewController.m */ = {isa = PBXFileReference; fileEncoding = 4; lastKnownFileType = sourcecode.c.objc; path = NJScoreShowNoticeViewController.m; sourceTree = "<group>"; };
		18C85AC21869367900C27BB3 /* NJShareViewController.h */ = {isa = PBXFileReference; fileEncoding = 4; lastKnownFileType = sourcecode.c.h; path = NJShareViewController.h; sourceTree = "<group>"; };
		18C85AC31869367900C27BB3 /* NJShareViewController.m */ = {isa = PBXFileReference; fileEncoding = 4; lastKnownFileType = sourcecode.c.objc; path = NJShareViewController.m; sourceTree = "<group>"; };
		18C85AC61869372500C27BB3 /* NJAboutViewController.h */ = {isa = PBXFileReference; fileEncoding = 4; lastKnownFileType = sourcecode.c.h; path = NJAboutViewController.h; sourceTree = "<group>"; };
		18C85AC71869372500C27BB3 /* NJAboutViewController.m */ = {isa = PBXFileReference; fileEncoding = 4; lastKnownFileType = sourcecode.c.objc; path = NJAboutViewController.m; sourceTree = "<group>"; };
		18C85ACA186939A300C27BB3 /* NJAboutHeaderView.h */ = {isa = PBXFileReference; fileEncoding = 4; lastKnownFileType = sourcecode.c.h; path = NJAboutHeaderView.h; sourceTree = "<group>"; };
		18C85ACB186939A300C27BB3 /* NJAboutHeaderView.m */ = {isa = PBXFileReference; fileEncoding = 4; lastKnownFileType = sourcecode.c.objc; path = NJAboutHeaderView.m; sourceTree = "<group>"; };
		18C85ACC186939A300C27BB3 /* NJAboutHeaderView.xib */ = {isa = PBXFileReference; fileEncoding = 4; lastKnownFileType = file.xib; path = NJAboutHeaderView.xib; sourceTree = "<group>"; };
		18C85AD118695EAE00C27BB3 /* bjdc_howto.html */ = {isa = PBXFileReference; fileEncoding = 4; lastKnownFileType = text.html; path = bjdc_howto.html; sourceTree = "<group>"; };
		18C85AD218695EAE00C27BB3 /* coupon_help.html */ = {isa = PBXFileReference; fileEncoding = 4; lastKnownFileType = text.html; path = coupon_help.html; sourceTree = "<group>"; };
		18C85AD318695EAE00C27BB3 /* credit_help.html */ = {isa = PBXFileReference; fileEncoding = 4; lastKnownFileType = text.html; path = credit_help.html; sourceTree = "<group>"; };
		18C85AD418695EAE00C27BB3 /* dlt_howto.html */ = {isa = PBXFileReference; fileEncoding = 4; lastKnownFileType = text.html; path = dlt_howto.html; sourceTree = "<group>"; };
		18C85AD518695EAE00C27BB3 /* f9_howto.html */ = {isa = PBXFileReference; fileEncoding = 4; lastKnownFileType = text.html; path = f9_howto.html; sourceTree = "<group>"; };
		18C85AD618695EAE00C27BB3 /* gdy11_howto.html */ = {isa = PBXFileReference; fileEncoding = 4; lastKnownFileType = text.html; path = gdy11_howto.html; sourceTree = "<group>"; };
		18C85AD718695EAE00C27BB3 /* group_record.html */ = {isa = PBXFileReference; fileEncoding = 4; lastKnownFileType = text.html; path = group_record.html; sourceTree = "<group>"; };
		18C85AD818695EAE00C27BB3 /* help.html */ = {isa = PBXFileReference; fileEncoding = 4; lastKnownFileType = text.html; path = help.html; sourceTree = "<group>"; };
		18C85AD918695EAE00C27BB3 /* helpGroupBuy.html */ = {isa = PBXFileReference; fileEncoding = 4; lastKnownFileType = text.html; path = helpGroupBuy.html; sourceTree = "<group>"; };
		18C85ADA18695EAE00C27BB3 /* jclq_howto.html */ = {isa = PBXFileReference; fileEncoding = 4; lastKnownFileType = text.html; path = jclq_howto.html; sourceTree = "<group>"; };
		18C85ADB18695EAE00C27BB3 /* jczq_howto.html */ = {isa = PBXFileReference; fileEncoding = 4; lastKnownFileType = text.html; path = jczq_howto.html; sourceTree = "<group>"; };
		18C85ADC18695EAE00C27BB3 /* jxssc_howto.html */ = {isa = PBXFileReference; fileEncoding = 4; lastKnownFileType = text.html; path = jxssc_howto.html; sourceTree = "<group>"; };
		18C85ADD18695EAE00C27BB3 /* jxy11_howto.html */ = {isa = PBXFileReference; fileEncoding = 4; lastKnownFileType = text.html; path = jxy11_howto.html; sourceTree = "<group>"; };
		18C85ADE18695EAE00C27BB3 /* k2_howto.html */ = {isa = PBXFileReference; fileEncoding = 4; lastKnownFileType = text.html; path = k2_howto.html; sourceTree = "<group>"; };
		18C85ADF18695EAE00C27BB3 /* k3_howto.html */ = {isa = PBXFileReference; fileEncoding = 4; lastKnownFileType = text.html; path = k3_howto.html; sourceTree = "<group>"; };
		18C85AE018695EAE00C27BB3 /* kl8_howto.html */ = {isa = PBXFileReference; fileEncoding = 4; lastKnownFileType = text.html; path = kl8_howto.html; sourceTree = "<group>"; };
		18C85AE118695EAE00C27BB3 /* lk11_howto.html */ = {isa = PBXFileReference; fileEncoding = 4; lastKnownFileType = text.html; path = lk11_howto.html; sourceTree = "<group>"; };
		18C85AE218695EAE00C27BB3 /* networkconnectedfailed.html */ = {isa = PBXFileReference; fileEncoding = 4; lastKnownFileType = text.html; path = networkconnectedfailed.html; sourceTree = "<group>"; };
		18C85AE318695EAE00C27BB3 /* pl3_howto.html */ = {isa = PBXFileReference; fileEncoding = 4; lastKnownFileType = text.html; path = pl3_howto.html; sourceTree = "<group>"; };
		18C85AE418695EAE00C27BB3 /* pl5_howto.html */ = {isa = PBXFileReference; fileEncoding = 4; lastKnownFileType = text.html; path = pl5_howto.html; sourceTree = "<group>"; };
		18C85AE518695EAE00C27BB3 /* qlc_howto.html */ = {isa = PBXFileReference; fileEncoding = 4; lastKnownFileType = text.html; path = qlc_howto.html; sourceTree = "<group>"; };
		18C85AE618695EAE00C27BB3 /* qxc_howto.html */ = {isa = PBXFileReference; fileEncoding = 4; lastKnownFileType = text.html; path = qxc_howto.html; sourceTree = "<group>"; };
		18C85AE718695EAE00C27BB3 /* sfc_howto.html */ = {isa = PBXFileReference; fileEncoding = 4; lastKnownFileType = text.html; path = sfc_howto.html; sourceTree = "<group>"; };
		18C85AE818695EAE00C27BB3 /* ssc_howto.html */ = {isa = PBXFileReference; fileEncoding = 4; lastKnownFileType = text.html; path = ssc_howto.html; sourceTree = "<group>"; };
		18C85AE918695EAE00C27BB3 /* ssq_howto.html */ = {isa = PBXFileReference; fileEncoding = 4; lastKnownFileType = text.html; path = ssq_howto.html; sourceTree = "<group>"; };
		18C85AEA18695EAE00C27BB3 /* x3d_howto.html */ = {isa = PBXFileReference; fileEncoding = 4; lastKnownFileType = text.html; path = x3d_howto.html; sourceTree = "<group>"; };
		18C85AEB18695EAE00C27BB3 /* y11_howto.html */ = {isa = PBXFileReference; fileEncoding = 4; lastKnownFileType = text.html; path = y11_howto.html; sourceTree = "<group>"; };
		18C85AEC18695EAE00C27BB3 /* znzh.html */ = {isa = PBXFileReference; fileEncoding = 4; lastKnownFileType = text.html; path = znzh.html; sourceTree = "<group>"; };
		18C85B0A18695ED300C27BB3 /* help.json */ = {isa = PBXFileReference; fileEncoding = 4; lastKnownFileType = text.json; path = help.json; sourceTree = "<group>"; };
		18C85B0D18695F0F00C27BB3 /* NJHelpViewController.h */ = {isa = PBXFileReference; fileEncoding = 4; lastKnownFileType = sourcecode.c.h; path = NJHelpViewController.h; sourceTree = "<group>"; };
		18C85B0E18695F0F00C27BB3 /* NJHelpViewController.m */ = {isa = PBXFileReference; fileEncoding = 4; lastKnownFileType = sourcecode.c.objc; path = NJHelpViewController.m; sourceTree = "<group>"; };
		18C85B10186960F900C27BB3 /* NJHtmlViewController.h */ = {isa = PBXFileReference; fileEncoding = 4; lastKnownFileType = sourcecode.c.h; path = NJHtmlViewController.h; sourceTree = "<group>"; };
		18C85B11186960F900C27BB3 /* NJHtmlViewController.m */ = {isa = PBXFileReference; fileEncoding = 4; lastKnownFileType = sourcecode.c.objc; path = NJHtmlViewController.m; sourceTree = "<group>"; };
		18C85B131869631C00C27BB3 /* NJHtmlPage.h */ = {isa = PBXFileReference; fileEncoding = 4; lastKnownFileType = sourcecode.c.h; path = NJHtmlPage.h; sourceTree = "<group>"; };
		18C85B141869631C00C27BB3 /* NJHtmlPage.m */ = {isa = PBXFileReference; fileEncoding = 4; lastKnownFileType = sourcecode.c.objc; path = NJHtmlPage.m; sourceTree = "<group>"; };
		18C85B161869652200C27BB3 /* rule.css */ = {isa = PBXFileReference; fileEncoding = 4; lastKnownFileType = text.css; path = rule.css; sourceTree = "<group>"; };
		18C85B191869714400C27BB3 /* NJProductsViewController.h */ = {isa = PBXFileReference; fileEncoding = 4; lastKnownFileType = sourcecode.c.h; path = NJProductsViewController.h; sourceTree = "<group>"; };
		18C85B1A1869714400C27BB3 /* NJProductsViewController.m */ = {isa = PBXFileReference; fileEncoding = 4; lastKnownFileType = sourcecode.c.objc; path = NJProductsViewController.m; sourceTree = "<group>"; };
		18C85B1C186971AB00C27BB3 /* product.json */ = {isa = PBXFileReference; fileEncoding = 4; lastKnownFileType = text.json; path = product.json; sourceTree = "<group>"; };
		18C85B1E1869720800C27BB3 /* NJProduct.h */ = {isa = PBXFileReference; fileEncoding = 4; lastKnownFileType = sourcecode.c.h; path = NJProduct.h; sourceTree = "<group>"; };
		18C85B1F1869720800C27BB3 /* NJProduct.m */ = {isa = PBXFileReference; fileEncoding = 4; lastKnownFileType = sourcecode.c.objc; path = NJProduct.m; sourceTree = "<group>"; };
		18C85B221869743400C27BB3 /* NJProductCell.h */ = {isa = PBXFileReference; fileEncoding = 4; lastKnownFileType = sourcecode.c.h; path = NJProductCell.h; sourceTree = "<group>"; };
		18C85B231869743400C27BB3 /* NJProductCell.m */ = {isa = PBXFileReference; fileEncoding = 4; lastKnownFileType = sourcecode.c.objc; path = NJProductCell.m; sourceTree = "<group>"; };
		18C85B251869743C00C27BB3 /* NJProductCell.xib */ = {isa = PBXFileReference; fileEncoding = 4; lastKnownFileType = file.xib; path = NJProductCell.xib; sourceTree = "<group>"; };
		18E4C1D3186B214300D32084 /* LuckyBackground-568h@2x.jpg */ = {isa = PBXFileReference; lastKnownFileType = image.jpeg; path = "LuckyBackground-568h@2x.jpg"; sourceTree = "<group>"; };
		18E4C1D4186B214300D32084 /* LuckyBackground@2x.jpg */ = {isa = PBXFileReference; lastKnownFileType = image.jpeg; path = "LuckyBackground@2x.jpg"; sourceTree = "<group>"; };
		18E4C1DF186B427800D32084 /* NJCircleItemView.h */ = {isa = PBXFileReference; fileEncoding = 4; lastKnownFileType = sourcecode.c.h; path = NJCircleItemView.h; sourceTree = "<group>"; };
		18E4C1E0186B427800D32084 /* NJCircleItemView.m */ = {isa = PBXFileReference; fileEncoding = 4; lastKnownFileType = sourcecode.c.objc; path = NJCircleItemView.m; sourceTree = "<group>"; };
		18E4C1E1186B427800D32084 /* NJCircleView.h */ = {isa = PBXFileReference; fileEncoding = 4; lastKnownFileType = sourcecode.c.h; path = NJCircleView.h; sourceTree = "<group>"; };
		18E4C1E2186B427800D32084 /* NJCircleView.m */ = {isa = PBXFileReference; fileEncoding = 4; lastKnownFileType = sourcecode.c.objc; path = NJCircleView.m; sourceTree = "<group>"; };
		18E4C1E6186B42B400D32084 /* NJThreeButton.h */ = {isa = PBXFileReference; fileEncoding = 4; lastKnownFileType = sourcecode.c.h; path = NJThreeButton.h; sourceTree = "<group>"; };
		18E4C1E7186B42B400D32084 /* NJThreeButton.m */ = {isa = PBXFileReference; fileEncoding = 4; lastKnownFileType = sourcecode.c.objc; path = NJThreeButton.m; sourceTree = "<group>"; };
		18E4C1E9186B42C400D32084 /* NJThreeButton.xib */ = {isa = PBXFileReference; fileEncoding = 4; lastKnownFileType = file.xib; path = NJThreeButton.xib; sourceTree = "<group>"; };
		18E4C1EB186B468D00D32084 /* NJCircleView.xib */ = {isa = PBXFileReference; fileEncoding = 4; lastKnownFileType = file.xib; path = NJCircleView.xib; sourceTree = "<group>"; };
/* End PBXFileReference section */

/* Begin PBXFrameworksBuildPhase section */
		18B8E1C91867C93700BABED5 /* Frameworks */ = {
			isa = PBXFrameworksBuildPhase;
			buildActionMask = 2147483647;
			files = (
				18B8E1D21867C93700BABED5 /* CoreGraphics.framework in Frameworks */,
				18B8E1D41867C93700BABED5 /* UIKit.framework in Frameworks */,
				18B8E1D01867C93700BABED5 /* Foundation.framework in Frameworks */,
			);
			runOnlyForDeploymentPostprocessing = 0;
		};
		18B8E1EA1867C93700BABED5 /* Frameworks */ = {
			isa = PBXFrameworksBuildPhase;
			buildActionMask = 2147483647;
			files = (
				18B8E1EF1867C93700BABED5 /* XCTest.framework in Frameworks */,
				18B8E1F11867C93700BABED5 /* UIKit.framework in Frameworks */,
				18B8E1F01867C93700BABED5 /* Foundation.framework in Frameworks */,
			);
			runOnlyForDeploymentPostprocessing = 0;
		};
/* End PBXFrameworksBuildPhase section */

/* Begin PBXGroup section */
		18694FCC186C7F4800F924D4 /* Tool */ = {
			isa = PBXGroup;
			children = (
				18694FCD186C7F5C00F924D4 /* NJConstant.h */,
				18694FD0186C7F7C00F924D4 /* NJConstant.m */,
			);
			path = Tool;
			sourceTree = "<group>";
		};
		1887E728186AA578006DCE7E /* Tool */ = {
			isa = PBXGroup;
			children = (
				1887E729186AA59B006DCE7E /* NJSettingTool.h */,
				1887E72A186AA59B006DCE7E /* NJSettingTool.m */,
				1887E731186AA815006DCE7E /* NJSettingKeys.h */,
				1887E732186AA849006DCE7E /* NJSettingKeys.m */,
			);
			path = Tool;
			sourceTree = "<group>";
		};
		18B8E1C31867C93700BABED5 = {
			isa = PBXGroup;
			children = (
				18B8E1D51867C93700BABED5 /* 01-ItcastLottery */,
				18B8E1F41867C93700BABED5 /* 01-ItcastLotteryTests */,
				18B8E1CE1867C93700BABED5 /* Frameworks */,
				18B8E1CD1867C93700BABED5 /* Products */,
			);
			sourceTree = "<group>";
		};
		18B8E1CD1867C93700BABED5 /* Products */ = {
			isa = PBXGroup;
			children = (
				18B8E1CC1867C93700BABED5 /* 01-ItcastLottery.app */,
				18B8E1ED1867C93700BABED5 /* 01-ItcastLotteryTests.xctest */,
			);
			name = Products;
			sourceTree = "<group>";
		};
		18B8E1CE1867C93700BABED5 /* Frameworks */ = {
			isa = PBXGroup;
			children = (
				18B8E1CF1867C93700BABED5 /* Foundation.framework */,
				18B8E1D11867C93700BABED5 /* CoreGraphics.framework */,
				18B8E1D31867C93700BABED5 /* UIKit.framework */,
				18B8E1EE1867C93700BABED5 /* XCTest.framework */,
			);
			name = Frameworks;
			sourceTree = "<group>";
		};
		18B8E1D51867C93700BABED5 /* 01-ItcastLottery */ = {
			isa = PBXGroup;
			children = (
				18B8E2041867CBE200BABED5 /* Classes */,
				18B8E1D61867C93700BABED5 /* Supporting Files */,
			);
			path = "01-ItcastLottery";
			sourceTree = "<group>";
		};
		18B8E1D61867C93700BABED5 /* Supporting Files */ = {
			isa = PBXGroup;
			children = (
				18C85ACF18695EAE00C27BB3 /* Resource */,
				18B8E1E11867C93700BABED5 /* Main.storyboard */,
				18B8E1E71867C93700BABED5 /* Images.xcassets */,
				18B8E1D71867C93700BABED5 /* 01-ItcastLottery-Info.plist */,
				18B8E1D81867C93700BABED5 /* InfoPlist.strings */,
			);
			name = "Supporting Files";
			sourceTree = "<group>";
		};
		18B8E1F41867C93700BABED5 /* 01-ItcastLotteryTests */ = {
			isa = PBXGroup;
			children = (
				18B8E1FA1867C93700BABED5 /* _1_ItcastLotteryTests.m */,
				18B8E1F51867C93700BABED5 /* Supporting Files */,
			);
			path = "01-ItcastLotteryTests";
			sourceTree = "<group>";
		};
		18B8E1F51867C93700BABED5 /* Supporting Files */ = {
			isa = PBXGroup;
			children = (
				18B8E1F61867C93700BABED5 /* 01-ItcastLotteryTests-Info.plist */,
				18B8E1F71867C93700BABED5 /* InfoPlist.strings */,
			);
			name = "Supporting Files";
			sourceTree = "<group>";
		};
		18B8E2041867CBE200BABED5 /* Classes */ = {
			isa = PBXGroup;
			children = (
				18B8E251186813C100BABED5 /* Setting(设置) */,
				18B8E2321867D49700BABED5 /* Hall(购彩大厅) */,
				18B8E23E1867D49700BABED5 /* UnionBuy(合买跟单) */,
				18B8E22E1867D49700BABED5 /* AwardInfo(开奖信息) */,
				18B8E2361867D49700BABED5 /* LuckyNum(幸运选号) */,
				18B8E23A1867D49700BABED5 /* Mine(我的彩票) */,
				18B8E2051867CBE200BABED5 /* Main */,
				18B8E2071867CBE200BABED5 /* Other */,
			);
			path = Classes;
			sourceTree = "<group>";
		};
		18B8E2051867CBE200BABED5 /* Main */ = {
			isa = PBXGroup;
			children = (
				18694FCC186C7F4800F924D4 /* Tool */,
				18B8E2111867D04F00BABED5 /* View */,
				18B8E2061867CBE200BABED5 /* Controller */,
			);
			path = Main;
			sourceTree = "<group>";
		};
		18B8E2061867CBE200BABED5 /* Controller */ = {
			isa = PBXGroup;
			children = (
				18B8E20E1867CC2300BABED5 /* NJTabBarController.h */,
				18B8E20F1867CC2300BABED5 /* NJTabBarController.m */,
				18B8E24A1867E92600BABED5 /* NJNavigationController.h */,
				18B8E24B1867E92600BABED5 /* NJNavigationController.m */,
			);
			path = Controller;
			sourceTree = "<group>";
		};
		18B8E2071867CBE200BABED5 /* Other */ = {
			isa = PBXGroup;
			children = (
				18B8E24D18680ED900BABED5 /* Category */,
				18B8E2081867CBE200BABED5 /* 01-ItcastLottery-Prefix.pch */,
				18B8E2091867CBE200BABED5 /* NJAppDelegate.h */,
				18B8E20A1867CBE200BABED5 /* NJAppDelegate.m */,
				18B8E20B1867CBE200BABED5 /* main.m */,
			);
			path = Other;
			sourceTree = "<group>";
		};
		18B8E2111867D04F00BABED5 /* View */ = {
			isa = PBXGroup;
			children = (
				18B8E2121867D05D00BABED5 /* NJTabBar.h */,
				18B8E2131867D05D00BABED5 /* NJTabBar.m */,
				18B8E2471867D91E00BABED5 /* NJTabBarButton.h */,
				18B8E2481867D91E00BABED5 /* NJTabBarButton.m */,
			);
			path = View;
			sourceTree = "<group>";
		};
		18B8E22E1867D49700BABED5 /* AwardInfo(开奖信息) */ = {
			isa = PBXGroup;
			children = (
				18B8E22F1867D49700BABED5 /* Controller */,
			);
			path = "AwardInfo(开奖信息)";
			sourceTree = "<group>";
		};
		18B8E22F1867D49700BABED5 /* Controller */ = {
			isa = PBXGroup;
			children = (
				18B8E2301867D49700BABED5 /* NJAwardInfoViewController.h */,
				18B8E2311867D49700BABED5 /* NJAwardInfoViewController.m */,
				18B8E2671868355500BABED5 /* NJAwardPushViewController.h */,
				18B8E2681868355500BABED5 /* NJAwardPushViewController.m */,
			);
			path = Controller;
			sourceTree = "<group>";
		};
		18B8E2321867D49700BABED5 /* Hall(购彩大厅) */ = {
			isa = PBXGroup;
			children = (
				18B8E2331867D49700BABED5 /* Controller */,
			);
			path = "Hall(购彩大厅)";
			sourceTree = "<group>";
		};
		18B8E2331867D49700BABED5 /* Controller */ = {
			isa = PBXGroup;
			children = (
				18B8E2341867D49700BABED5 /* NJHallViewController.h */,
				18B8E2351867D49700BABED5 /* NJHallViewController.m */,
			);
			path = Controller;
			sourceTree = "<group>";
		};
		18B8E2361867D49700BABED5 /* LuckyNum(幸运选号) */ = {
			isa = PBXGroup;
			children = (
				18E4C1D7186B3BF400D32084 /* View */,
				18B8E2371867D49700BABED5 /* Controller */,
			);
			path = "LuckyNum(幸运选号)";
			sourceTree = "<group>";
		};
		18B8E2371867D49700BABED5 /* Controller */ = {
			isa = PBXGroup;
			children = (
				18B8E2381867D49700BABED5 /* NJLuckyNumViewController.h */,
				18B8E2391867D49700BABED5 /* NJLuckyNumViewController.m */,
			);
			path = Controller;
			sourceTree = "<group>";
		};
		18B8E23A1867D49700BABED5 /* Mine(我的彩票) */ = {
			isa = PBXGroup;
			children = (
				18B8E23B1867D49700BABED5 /* Controller */,
			);
			path = "Mine(我的彩票)";
			sourceTree = "<group>";
		};
		18B8E23B1867D49700BABED5 /* Controller */ = {
			isa = PBXGroup;
			children = (
				18B8E23C1867D49700BABED5 /* NJMineViewController.h */,
				18B8E23D1867D49700BABED5 /* NJMineViewController.m */,
				18694FC6186C78CB00F924D4 /* NJLoginViewController.h */,
				18694FC7186C78CB00F924D4 /* NJLoginViewController.m */,
				18694FC9186C792100F924D4 /* NJServiceViewController.h */,
				18694FCA186C792100F924D4 /* NJServiceViewController.m */,
			);
			path = Controller;
			sourceTree = "<group>";
		};
		18B8E23E1867D49700BABED5 /* UnionBuy(合买跟单) */ = {
			isa = PBXGroup;
			children = (
				18B8E23F1867D49700BABED5 /* Controller */,
			);
			path = "UnionBuy(合买跟单)";
			sourceTree = "<group>";
		};
		18B8E23F1867D49700BABED5 /* Controller */ = {
			isa = PBXGroup;
			children = (
				18B8E2401867D49700BABED5 /* NJUnionBuyViewController.h */,
				18B8E2411867D49700BABED5 /* NJUnionBuyViewController.m */,
			);
			path = Controller;
			sourceTree = "<group>";
		};
		18B8E24D18680ED900BABED5 /* Category */ = {
			isa = PBXGroup;
			children = (
				18694FC3186C76C500F924D4 /* UIImage+Fit.h */,
				18694FC4186C76C500F924D4 /* UIImage+Fit.m */,
			);
			path = Category;
			sourceTree = "<group>";
		};
		18B8E251186813C100BABED5 /* Setting(设置) */ = {
			isa = PBXGroup;
			children = (
				1887E728186AA578006DCE7E /* Tool */,
				18B8E25A18682B2100BABED5 /* View */,
				18B8E25618681C8700BABED5 /* Model */,
				18B8E252186813C100BABED5 /* Controller */,
			);
			path = "Setting(设置)";
			sourceTree = "<group>";
		};
		18B8E252186813C100BABED5 /* Controller */ = {
			isa = PBXGroup;
			children = (
				18C85B181869712600C27BB3 /* Product */,
				18C85B0C18695F0200C27BB3 /* Help */,
				18C85AC51869371C00C27BB3 /* About */,
				18C85AC11869367900C27BB3 /* Share */,
				18C85AB41869356D00C27BB3 /* PushNotice */,
				18B8E253186813CE00BABED5 /* NJSettingViewController.h */,
				18B8E254186813CE00BABED5 /* NJSettingViewController.m */,
				18B8E264186831FB00BABED5 /* NJBaseSettingViewController.h */,
				18B8E265186831FB00BABED5 /* NJBaseSettingViewController.m */,
			);
			path = Controller;
			sourceTree = "<group>";
		};
		18B8E25618681C8700BABED5 /* Model */ = {
			isa = PBXGroup;
			children = (
				18C85AA1186927F700C27BB3 /* Item */,
				18B8E25E18682E3900BABED5 /* NJSettingGroup.h */,
				18B8E25F18682E3900BABED5 /* NJSettingGroup.m */,
				18C85B131869631C00C27BB3 /* NJHtmlPage.h */,
				18C85B141869631C00C27BB3 /* NJHtmlPage.m */,
				18C85B1E1869720800C27BB3 /* NJProduct.h */,
				18C85B1F1869720800C27BB3 /* NJProduct.m */,
			);
			path = Model;
			sourceTree = "<group>";
		};
		18B8E25A18682B2100BABED5 /* View */ = {
			isa = PBXGroup;
			children = (
				18C85B211869742100C27BB3 /* ProductCell */,
				18C85AC9186939A300C27BB3 /* AboutHeaderView */,
				18B8E25B18682B4100BABED5 /* NJSettingCell.h */,
				18B8E25C18682B4100BABED5 /* NJSettingCell.m */,
			);
			path = View;
			sourceTree = "<group>";
		};
		18C85AA1186927F700C27BB3 /* Item */ = {
			isa = PBXGroup;
			children = (
				18C85AA2186927F700C27BB3 /* NJSettingItem.h */,
				18C85AA3186927F700C27BB3 /* NJSettingItem.m */,
				18C85AA51869280A00C27BB3 /* NJSettingArrowItem.h */,
				18C85AA61869280A00C27BB3 /* NJSettingArrowItem.m */,
				18C85AA8186928EE00C27BB3 /* NJSettingSwitchItem.h */,
				18C85AA9186928EE00C27BB3 /* NJSettingSwitchItem.m */,
				18C85AB118692C9B00C27BB3 /* NJSettingLabelItem.h */,
				18C85AB218692C9B00C27BB3 /* NJSettingLabelItem.m */,
				1887E72C186AA6E5006DCE7E /* NJSettingValueItem.h */,
				1887E72D186AA6E5006DCE7E /* NJSettingValueItem.m */,
			);
			path = Item;
			sourceTree = "<group>";
		};
		18C85AB41869356D00C27BB3 /* PushNotice */ = {
			isa = PBXGroup;
			children = (
				18C85AB51869356D00C27BB3 /* NJAwardAnimViewController.h */,
				18C85AB61869356D00C27BB3 /* NJAwardAnimViewController.m */,
				18C85AB71869356D00C27BB3 /* NJBuyTimedNoticeViewController.h */,
				18C85AB81869356D00C27BB3 /* NJBuyTimedNoticeViewController.m */,
				18C85AB91869356D00C27BB3 /* NJPushNoticeViewController.h */,
				18C85ABA1869356D00C27BB3 /* NJPushNoticeViewController.m */,
				18C85ABB1869356D00C27BB3 /* NJScoreShowNoticeViewController.h */,
				18C85ABC1869356D00C27BB3 /* NJScoreShowNoticeViewController.m */,
			);
			path = PushNotice;
			sourceTree = "<group>";
		};
		18C85AC11869367900C27BB3 /* Share */ = {
			isa = PBXGroup;
			children = (
				18C85AC21869367900C27BB3 /* NJShareViewController.h */,
				18C85AC31869367900C27BB3 /* NJShareViewController.m */,
			);
			path = Share;
			sourceTree = "<group>";
		};
		18C85AC51869371C00C27BB3 /* About */ = {
			isa = PBXGroup;
			children = (
				18C85AC61869372500C27BB3 /* NJAboutViewController.h */,
				18C85AC71869372500C27BB3 /* NJAboutViewController.m */,
			);
			path = About;
			sourceTree = "<group>";
		};
		18C85AC9186939A300C27BB3 /* AboutHeaderView */ = {
			isa = PBXGroup;
			children = (
				18C85ACA186939A300C27BB3 /* NJAboutHeaderView.h */,
				18C85ACB186939A300C27BB3 /* NJAboutHeaderView.m */,
				18C85ACC186939A300C27BB3 /* NJAboutHeaderView.xib */,
			);
			path = AboutHeaderView;
			sourceTree = "<group>";
		};
		18C85ACF18695EAE00C27BB3 /* Resource */ = {
			isa = PBXGroup;
			children = (
				18E4C1D2186B214300D32084 /* Image */,
				18C85AED18695EAE00C27BB3 /* Json */,
				18C85AD018695EAE00C27BB3 /* Html */,
			);
			path = Resource;
			sourceTree = "<group>";
		};
		18C85AD018695EAE00C27BB3 /* Html */ = {
			isa = PBXGroup;
			children = (
				18C85B161869652200C27BB3 /* rule.css */,
				18C85AD118695EAE00C27BB3 /* bjdc_howto.html */,
				18C85AD218695EAE00C27BB3 /* coupon_help.html */,
				18C85AD318695EAE00C27BB3 /* credit_help.html */,
				18C85AD418695EAE00C27BB3 /* dlt_howto.html */,
				18C85AD518695EAE00C27BB3 /* f9_howto.html */,
				18C85AD618695EAE00C27BB3 /* gdy11_howto.html */,
				18C85AD718695EAE00C27BB3 /* group_record.html */,
				18C85AD818695EAE00C27BB3 /* help.html */,
				18C85AD918695EAE00C27BB3 /* helpGroupBuy.html */,
				18C85ADA18695EAE00C27BB3 /* jclq_howto.html */,
				18C85ADB18695EAE00C27BB3 /* jczq_howto.html */,
				18C85ADC18695EAE00C27BB3 /* jxssc_howto.html */,
				18C85ADD18695EAE00C27BB3 /* jxy11_howto.html */,
				18C85ADE18695EAE00C27BB3 /* k2_howto.html */,
				18C85ADF18695EAE00C27BB3 /* k3_howto.html */,
				18C85AE018695EAE00C27BB3 /* kl8_howto.html */,
				18C85AE118695EAE00C27BB3 /* lk11_howto.html */,
				18C85AE218695EAE00C27BB3 /* networkconnectedfailed.html */,
				18C85AE318695EAE00C27BB3 /* pl3_howto.html */,
				18C85AE418695EAE00C27BB3 /* pl5_howto.html */,
				18C85AE518695EAE00C27BB3 /* qlc_howto.html */,
				18C85AE618695EAE00C27BB3 /* qxc_howto.html */,
				18C85AE718695EAE00C27BB3 /* sfc_howto.html */,
				18C85AE818695EAE00C27BB3 /* ssc_howto.html */,
				18C85AE918695EAE00C27BB3 /* ssq_howto.html */,
				18C85AEA18695EAE00C27BB3 /* x3d_howto.html */,
				18C85AEB18695EAE00C27BB3 /* y11_howto.html */,
				18C85AEC18695EAE00C27BB3 /* znzh.html */,
			);
			path = Html;
			sourceTree = "<group>";
		};
		18C85AED18695EAE00C27BB3 /* Json */ = {
			isa = PBXGroup;
			children = (
				18C85B1C186971AB00C27BB3 /* product.json */,
				18C85B0A18695ED300C27BB3 /* help.json */,
			);
			path = Json;
			sourceTree = "<group>";
		};
		18C85B0C18695F0200C27BB3 /* Help */ = {
			isa = PBXGroup;
			children = (
				18C85B0D18695F0F00C27BB3 /* NJHelpViewController.h */,
				18C85B0E18695F0F00C27BB3 /* NJHelpViewController.m */,
				18C85B10186960F900C27BB3 /* NJHtmlViewController.h */,
				18C85B11186960F900C27BB3 /* NJHtmlViewController.m */,
			);
			path = Help;
			sourceTree = "<group>";
		};
		18C85B181869712600C27BB3 /* Product */ = {
			isa = PBXGroup;
			children = (
				18C85B191869714400C27BB3 /* NJProductsViewController.h */,
				18C85B1A1869714400C27BB3 /* NJProductsViewController.m */,
			);
			path = Product;
			sourceTree = "<group>";
		};
		18C85B211869742100C27BB3 /* ProductCell */ = {
			isa = PBXGroup;
			children = (
				18C85B221869743400C27BB3 /* NJProductCell.h */,
				18C85B231869743400C27BB3 /* NJProductCell.m */,
				18C85B251869743C00C27BB3 /* NJProductCell.xib */,
			);
			path = ProductCell;
			sourceTree = "<group>";
		};
		18E4C1D2186B214300D32084 /* Image */ = {
			isa = PBXGroup;
			children = (
				18E4C1D3186B214300D32084 /* LuckyBackground-568h@2x.jpg */,
				18E4C1D4186B214300D32084 /* LuckyBackground@2x.jpg */,
			);
			path = Image;
			sourceTree = "<group>";
		};
		18E4C1D7186B3BF400D32084 /* View */ = {
			isa = PBXGroup;
			children = (
				18E4C1E5186B42A000D32084 /* ThreeButton */,
				18E4C1DE186B427800D32084 /* Circle */,
			);
			path = View;
			sourceTree = "<group>";
		};
		18E4C1DE186B427800D32084 /* Circle */ = {
			isa = PBXGroup;
			children = (
				18E4C1DF186B427800D32084 /* NJCircleItemView.h */,
				18E4C1E0186B427800D32084 /* NJCircleItemView.m */,
				18E4C1E1186B427800D32084 /* NJCircleView.h */,
				18E4C1E2186B427800D32084 /* NJCircleView.m */,
				18E4C1EB186B468D00D32084 /* NJCircleView.xib */,
				18957AEE186C080200953FCB /* NJCircleBgView.h */,
				18957AEF186C080200953FCB /* NJCircleBgView.m */,
			);
			path = Circle;
			sourceTree = "<group>";
		};
		18E4C1E5186B42A000D32084 /* ThreeButton */ = {
			isa = PBXGroup;
			children = (
				18E4C1E6186B42B400D32084 /* NJThreeButton.h */,
				18E4C1E7186B42B400D32084 /* NJThreeButton.m */,
				18E4C1E9186B42C400D32084 /* NJThreeButton.xib */,
			);
			name = ThreeButton;
			path = TreeButton;
			sourceTree = "<group>";
		};
/* End PBXGroup section */

/* Begin PBXNativeTarget section */
		18B8E1CB1867C93700BABED5 /* 01-ItcastLottery */ = {
			isa = PBXNativeTarget;
			buildConfigurationList = 18B8E1FE1867C93700BABED5 /* Build configuration list for PBXNativeTarget "01-ItcastLottery" */;
			buildPhases = (
				18B8E1C81867C93700BABED5 /* Sources */,
				18B8E1C91867C93700BABED5 /* Frameworks */,
				18B8E1CA1867C93700BABED5 /* Resources */,
			);
			buildRules = (
			);
			dependencies = (
			);
			name = "01-ItcastLottery";
			productName = "01-ItcastLottery";
			productReference = 18B8E1CC1867C93700BABED5 /* 01-ItcastLottery.app */;
			productType = "com.apple.product-type.application";
		};
		18B8E1EC1867C93700BABED5 /* 01-ItcastLotteryTests */ = {
			isa = PBXNativeTarget;
			buildConfigurationList = 18B8E2011867C93700BABED5 /* Build configuration list for PBXNativeTarget "01-ItcastLotteryTests" */;
			buildPhases = (
				18B8E1E91867C93700BABED5 /* Sources */,
				18B8E1EA1867C93700BABED5 /* Frameworks */,
				18B8E1EB1867C93700BABED5 /* Resources */,
			);
			buildRules = (
			);
			dependencies = (
				18B8E1F31867C93700BABED5 /* PBXTargetDependency */,
			);
			name = "01-ItcastLotteryTests";
			productName = "01-ItcastLotteryTests";
			productReference = 18B8E1ED1867C93700BABED5 /* 01-ItcastLotteryTests.xctest */;
			productType = "com.apple.product-type.bundle.unit-test";
		};
/* End PBXNativeTarget section */

/* Begin PBXProject section */
		18B8E1C41867C93700BABED5 /* Project object */ = {
			isa = PBXProject;
			attributes = {
				CLASSPREFIX = IL;
				LastUpgradeCheck = 0500;
				ORGANIZATIONNAME = itcast;
				TargetAttributes = {
					18B8E1EC1867C93700BABED5 = {
						TestTargetID = 18B8E1CB1867C93700BABED5;
					};
				};
			};
			buildConfigurationList = 18B8E1C71867C93700BABED5 /* Build configuration list for PBXProject "01-ItcastLottery" */;
			compatibilityVersion = "Xcode 3.2";
			developmentRegion = English;
			hasScannedForEncodings = 0;
			knownRegions = (
				en,
				Base,
			);
			mainGroup = 18B8E1C31867C93700BABED5;
			productRefGroup = 18B8E1CD1867C93700BABED5 /* Products */;
			projectDirPath = "";
			projectRoot = "";
			targets = (
				18B8E1CB1867C93700BABED5 /* 01-ItcastLottery */,
				18B8E1EC1867C93700BABED5 /* 01-ItcastLotteryTests */,
			);
		};
/* End PBXProject section */

/* Begin PBXResourcesBuildPhase section */
		18B8E1CA1867C93700BABED5 /* Resources */ = {
			isa = PBXResourcesBuildPhase;
			buildActionMask = 2147483647;
			files = (
				1879B67F1870558B00A01364 /* Main.storyboard in Resources */,
				18C85AFA18695EAE00C27BB3 /* jxy11_howto.html in Resources */,
				18C85AF818695EAE00C27BB3 /* jczq_howto.html in Resources */,
				18C85B0518695EAE00C27BB3 /* ssc_howto.html in Resources */,
				18C85B0218695EAE00C27BB3 /* qlc_howto.html in Resources */,
				18C85B0118695EAE00C27BB3 /* pl5_howto.html in Resources */,
				18C85AF418695EAE00C27BB3 /* group_record.html in Resources */,
				18C85AF518695EAE00C27BB3 /* help.html in Resources */,
				18E4C1D5186B214300D32084 /* LuckyBackground-568h@2x.jpg in Resources */,
				18C85AFF18695EAE00C27BB3 /* networkconnectedfailed.html in Resources */,
				18E4C1D6186B214300D32084 /* LuckyBackground@2x.jpg in Resources */,
				18E4C1EA186B42C400D32084 /* NJThreeButton.xib in Resources */,
				18E4C1EC186B468D00D32084 /* NJCircleView.xib in Resources */,
				18C85B0818695EAE00C27BB3 /* y11_howto.html in Resources */,
				18C85B0318695EAE00C27BB3 /* qxc_howto.html in Resources */,
				18C85AF018695EAE00C27BB3 /* credit_help.html in Resources */,
				18C85AF318695EAE00C27BB3 /* gdy11_howto.html in Resources */,
				18C85AF718695EAE00C27BB3 /* jclq_howto.html in Resources */,
				18C85AF618695EAE00C27BB3 /* helpGroupBuy.html in Resources */,
				18B8E1E81867C93700BABED5 /* Images.xcassets in Resources */,
				18C85AFE18695EAE00C27BB3 /* lk11_howto.html in Resources */,
				18C85B0618695EAE00C27BB3 /* ssq_howto.html in Resources */,
				18B8E1DA1867C93700BABED5 /* InfoPlist.strings in Resources */,
				18C85ACE186939A300C27BB3 /* NJAboutHeaderView.xib in Resources */,
				18C85B0B18695ED300C27BB3 /* help.json in Resources */,
				18C85AFB18695EAE00C27BB3 /* k2_howto.html in Resources */,
				18C85B261869743C00C27BB3 /* NJProductCell.xib in Resources */,
				18C85AFD18695EAE00C27BB3 /* kl8_howto.html in Resources */,
				18C85B0918695EAE00C27BB3 /* znzh.html in Resources */,
				18C85B0418695EAE00C27BB3 /* sfc_howto.html in Resources */,
				18C85AF218695EAE00C27BB3 /* f9_howto.html in Resources */,
				18C85AF118695EAE00C27BB3 /* dlt_howto.html in Resources */,
				18C85AEE18695EAE00C27BB3 /* bjdc_howto.html in Resources */,
				18C85AF918695EAE00C27BB3 /* jxssc_howto.html in Resources */,
				18C85AEF18695EAE00C27BB3 /* coupon_help.html in Resources */,
				18C85AFC18695EAE00C27BB3 /* k3_howto.html in Resources */,
				18C85B171869652200C27BB3 /* rule.css in Resources */,
				18C85B0718695EAE00C27BB3 /* x3d_howto.html in Resources */,
				18C85B0018695EAE00C27BB3 /* pl3_howto.html in Resources */,
				18C85B1D186971AB00C27BB3 /* product.json in Resources */,
			);
			runOnlyForDeploymentPostprocessing = 0;
		};
		18B8E1EB1867C93700BABED5 /* Resources */ = {
			isa = PBXResourcesBuildPhase;
			buildActionMask = 2147483647;
			files = (
				18B8E1F91867C93700BABED5 /* InfoPlist.strings in Resources */,
			);
			runOnlyForDeploymentPostprocessing = 0;
		};
/* End PBXResourcesBuildPhase section */

/* Begin PBXSourcesBuildPhase section */
		18B8E1C81867C93700BABED5 /* Sources */ = {
			isa = PBXSourcesBuildPhase;
			buildActionMask = 2147483647;
			files = (
				18C85AA4186927F700C27BB3 /* NJSettingItem.m in Sources */,
				18C85ABF1869356D00C27BB3 /* NJPushNoticeViewController.m in Sources */,
				18694FC8186C78CB00F924D4 /* NJLoginViewController.m in Sources */,
				18C85ACD186939A300C27BB3 /* NJAboutHeaderView.m in Sources */,
				18C85AC01869356D00C27BB3 /* NJScoreShowNoticeViewController.m in Sources */,
				18694FD1186C7F7C00F924D4 /* NJConstant.m in Sources */,
				18694FCB186C792100F924D4 /* NJServiceViewController.m in Sources */,
				18B8E25D18682B4100BABED5 /* NJSettingCell.m in Sources */,
				18B8E2491867D91E00BABED5 /* NJTabBarButton.m in Sources */,
				18E4C1E3186B427800D32084 /* NJCircleItemView.m in Sources */,
				18C85B241869743400C27BB3 /* NJProductCell.m in Sources */,
				18C85B201869720800C27BB3 /* NJProduct.m in Sources */,
				18B8E24C1867E92600BABED5 /* NJNavigationController.m in Sources */,
				18B8E2431867D49700BABED5 /* NJHallViewController.m in Sources */,
				18C85AA71869280A00C27BB3 /* NJSettingArrowItem.m in Sources */,
				18B8E266186831FB00BABED5 /* NJBaseSettingViewController.m in Sources */,
				18C85AAA186928EE00C27BB3 /* NJSettingSwitchItem.m in Sources */,
				18957AF0186C080200953FCB /* NJCircleBgView.m in Sources */,
				18B8E20C1867CBE200BABED5 /* NJAppDelegate.m in Sources */,
				18B8E2101867CC2300BABED5 /* NJTabBarController.m in Sources */,
				18C85B0F18695F0F00C27BB3 /* NJHelpViewController.m in Sources */,
				18E4C1E8186B42B500D32084 /* NJThreeButton.m in Sources */,
				18B8E2441867D49700BABED5 /* NJLuckyNumViewController.m in Sources */,
				18694FC5186C76C500F924D4 /* UIImage+Fit.m in Sources */,
				18C85ABE1869356D00C27BB3 /* NJBuyTimedNoticeViewController.m in Sources */,
				18B8E2141867D05D00BABED5 /* NJTabBar.m in Sources */,
				18C85B151869631C00C27BB3 /* NJHtmlPage.m in Sources */,
				18B8E255186813CE00BABED5 /* NJSettingViewController.m in Sources */,
				1887E72E186AA6E5006DCE7E /* NJSettingValueItem.m in Sources */,
				18B8E2691868355500BABED5 /* NJAwardPushViewController.m in Sources */,
				18B8E26018682E3900BABED5 /* NJSettingGroup.m in Sources */,
				18B8E2461867D49700BABED5 /* NJUnionBuyViewController.m in Sources */,
				18E4C1E4186B427800D32084 /* NJCircleView.m in Sources */,
				18B8E2421867D49700BABED5 /* NJAwardInfoViewController.m in Sources */,
				18C85AC41869367900C27BB3 /* NJShareViewController.m in Sources */,
				18C85B12186960F900C27BB3 /* NJHtmlViewController.m in Sources */,
				18C85AC81869372500C27BB3 /* NJAboutViewController.m in Sources */,
				18B8E2451867D49700BABED5 /* NJMineViewController.m in Sources */,
				18C85ABD1869356D00C27BB3 /* NJAwardAnimViewController.m in Sources */,
				18C85B1B1869714400C27BB3 /* NJProductsViewController.m in Sources */,
				1887E72B186AA59B006DCE7E /* NJSettingTool.m in Sources */,
				1887E733186AA849006DCE7E /* NJSettingKeys.m in Sources */,
				18C85AB318692C9B00C27BB3 /* NJSettingLabelItem.m in Sources */,
				18B8E20D1867CBE200BABED5 /* main.m in Sources */,
			);
			runOnlyForDeploymentPostprocessing = 0;
		};
		18B8E1E91867C93700BABED5 /* Sources */ = {
			isa = PBXSourcesBuildPhase;
			buildActionMask = 2147483647;
			files = (
				18B8E1FB1867C93700BABED5 /* _1_ItcastLotteryTests.m in Sources */,
			);
			runOnlyForDeploymentPostprocessing = 0;
		};
/* End PBXSourcesBuildPhase section */

/* Begin PBXTargetDependency section */
		18B8E1F31867C93700BABED5 /* PBXTargetDependency */ = {
			isa = PBXTargetDependency;
			target = 18B8E1CB1867C93700BABED5 /* 01-ItcastLottery */;
			targetProxy = 18B8E1F21867C93700BABED5 /* PBXContainerItemProxy */;
		};
/* End PBXTargetDependency section */

/* Begin PBXVariantGroup section */
		18B8E1D81867C93700BABED5 /* InfoPlist.strings */ = {
			isa = PBXVariantGroup;
			children = (
				18B8E1D91867C93700BABED5 /* en */,
			);
			name = InfoPlist.strings;
			sourceTree = "<group>";
		};
		18B8E1E11867C93700BABED5 /* Main.storyboard */ = {
			isa = PBXVariantGroup;
			children = (
				18B8E1E21867C93700BABED5 /* Base */,
			);
			name = Main.storyboard;
			sourceTree = "<group>";
		};
		18B8E1F71867C93700BABED5 /* InfoPlist.strings */ = {
			isa = PBXVariantGroup;
			children = (
				18B8E1F81867C93700BABED5 /* en */,
			);
			name = InfoPlist.strings;
			sourceTree = "<group>";
		};
/* End PBXVariantGroup section */

/* Begin XCBuildConfiguration section */
		18B8E1FC1867C93700BABED5 /* Debug */ = {
			isa = XCBuildConfiguration;
			buildSettings = {
				ALWAYS_SEARCH_USER_PATHS = NO;
				ARCHS = "$(ARCHS_STANDARD_INCLUDING_64_BIT)";
				CLANG_CXX_LANGUAGE_STANDARD = "gnu++0x";
				CLANG_CXX_LIBRARY = "libc++";
				CLANG_ENABLE_MODULES = YES;
				CLANG_ENABLE_OBJC_ARC = YES;
				CLANG_WARN_BOOL_CONVERSION = YES;
				CLANG_WARN_CONSTANT_CONVERSION = YES;
				CLANG_WARN_DIRECT_OBJC_ISA_USAGE = YES_ERROR;
				CLANG_WARN_EMPTY_BODY = YES;
				CLANG_WARN_ENUM_CONVERSION = YES;
				CLANG_WARN_INT_CONVERSION = YES;
				CLANG_WARN_OBJC_ROOT_CLASS = YES_ERROR;
				CLANG_WARN__DUPLICATE_METHOD_MATCH = YES;
				"CODE_SIGN_IDENTITY[sdk=iphoneos*]" = "iPhone Developer";
				COPY_PHASE_STRIP = NO;
				GCC_C_LANGUAGE_STANDARD = gnu99;
				GCC_DYNAMIC_NO_PIC = NO;
				GCC_OPTIMIZATION_LEVEL = 0;
				GCC_PREPROCESSOR_DEFINITIONS = (
					"DEBUG=1",
					"$(inherited)",
				);
				GCC_SYMBOLS_PRIVATE_EXTERN = NO;
				GCC_WARN_64_TO_32_BIT_CONVERSION = YES;
				GCC_WARN_ABOUT_RETURN_TYPE = YES_ERROR;
				GCC_WARN_UNDECLARED_SELECTOR = YES;
				GCC_WARN_UNINITIALIZED_AUTOS = YES;
				GCC_WARN_UNUSED_FUNCTION = YES;
				GCC_WARN_UNUSED_VARIABLE = YES;
				IPHONEOS_DEPLOYMENT_TARGET = 7.0;
				ONLY_ACTIVE_ARCH = YES;
				SDKROOT = iphoneos;
			};
			name = Debug;
		};
		18B8E1FD1867C93700BABED5 /* Release */ = {
			isa = XCBuildConfiguration;
			buildSettings = {
				ALWAYS_SEARCH_USER_PATHS = NO;
				ARCHS = "$(ARCHS_STANDARD_INCLUDING_64_BIT)";
				CLANG_CXX_LANGUAGE_STANDARD = "gnu++0x";
				CLANG_CXX_LIBRARY = "libc++";
				CLANG_ENABLE_MODULES = YES;
				CLANG_ENABLE_OBJC_ARC = YES;
				CLANG_WARN_BOOL_CONVERSION = YES;
				CLANG_WARN_CONSTANT_CONVERSION = YES;
				CLANG_WARN_DIRECT_OBJC_ISA_USAGE = YES_ERROR;
				CLANG_WARN_EMPTY_BODY = YES;
				CLANG_WARN_ENUM_CONVERSION = YES;
				CLANG_WARN_INT_CONVERSION = YES;
				CLANG_WARN_OBJC_ROOT_CLASS = YES_ERROR;
				CLANG_WARN__DUPLICATE_METHOD_MATCH = YES;
				"CODE_SIGN_IDENTITY[sdk=iphoneos*]" = "iPhone Developer";
				COPY_PHASE_STRIP = YES;
				ENABLE_NS_ASSERTIONS = NO;
				GCC_C_LANGUAGE_STANDARD = gnu99;
				GCC_WARN_64_TO_32_BIT_CONVERSION = YES;
				GCC_WARN_ABOUT_RETURN_TYPE = YES_ERROR;
				GCC_WARN_UNDECLARED_SELECTOR = YES;
				GCC_WARN_UNINITIALIZED_AUTOS = YES;
				GCC_WARN_UNUSED_FUNCTION = YES;
				GCC_WARN_UNUSED_VARIABLE = YES;
				IPHONEOS_DEPLOYMENT_TARGET = 7.0;
				SDKROOT = iphoneos;
				VALIDATE_PRODUCT = YES;
			};
			name = Release;
		};
		18B8E1FF1867C93700BABED5 /* Debug */ = {
			isa = XCBuildConfiguration;
			buildSettings = {
				ASSETCATALOG_COMPILER_APPICON_NAME = AppIcon;
				ASSETCATALOG_COMPILER_LAUNCHIMAGE_NAME = LaunchImage;
				GCC_PRECOMPILE_PREFIX_HEADER = YES;
				GCC_PREFIX_HEADER = "01-ItcastLottery/Classes/Other/01-ItcastLottery-Prefix.pch";
				INFOPLIST_FILE = "01-ItcastLottery/01-ItcastLottery-Info.plist";
				IPHONEOS_DEPLOYMENT_TARGET = 6.0;
				PRODUCT_NAME = "$(TARGET_NAME)";
				WRAPPER_EXTENSION = app;
			};
			name = Debug;
		};
		18B8E2001867C93700BABED5 /* Release */ = {
			isa = XCBuildConfiguration;
			buildSettings = {
				ASSETCATALOG_COMPILER_APPICON_NAME = AppIcon;
				ASSETCATALOG_COMPILER_LAUNCHIMAGE_NAME = LaunchImage;
				GCC_PRECOMPILE_PREFIX_HEADER = YES;
				GCC_PREFIX_HEADER = "01-ItcastLottery/Classes/Other/01-ItcastLottery-Prefix.pch";
				INFOPLIST_FILE = "01-ItcastLottery/01-ItcastLottery-Info.plist";
				IPHONEOS_DEPLOYMENT_TARGET = 6.0;
				PRODUCT_NAME = "$(TARGET_NAME)";
				WRAPPER_EXTENSION = app;
			};
			name = Release;
		};
		18B8E2021867C93700BABED5 /* Debug */ = {
			isa = XCBuildConfiguration;
			buildSettings = {
				ARCHS = "$(ARCHS_STANDARD_INCLUDING_64_BIT)";
				BUNDLE_LOADER = "$(BUILT_PRODUCTS_DIR)/01-ItcastLottery.app/01-ItcastLottery";
				FRAMEWORK_SEARCH_PATHS = (
					"$(SDKROOT)/Developer/Library/Frameworks",
					"$(inherited)",
					"$(DEVELOPER_FRAMEWORKS_DIR)",
				);
				GCC_PRECOMPILE_PREFIX_HEADER = YES;
				GCC_PREFIX_HEADER = "01-ItcastLottery/01-ItcastLottery-Prefix.pch";
				GCC_PREPROCESSOR_DEFINITIONS = (
					"DEBUG=1",
					"$(inherited)",
				);
				INFOPLIST_FILE = "01-ItcastLotteryTests/01-ItcastLotteryTests-Info.plist";
				PRODUCT_NAME = "$(TARGET_NAME)";
				TEST_HOST = "$(BUNDLE_LOADER)";
				WRAPPER_EXTENSION = xctest;
			};
			name = Debug;
		};
		18B8E2031867C93700BABED5 /* Release */ = {
			isa = XCBuildConfiguration;
			buildSettings = {
				ARCHS = "$(ARCHS_STANDARD_INCLUDING_64_BIT)";
				BUNDLE_LOADER = "$(BUILT_PRODUCTS_DIR)/01-ItcastLottery.app/01-ItcastLottery";
				FRAMEWORK_SEARCH_PATHS = (
					"$(SDKROOT)/Developer/Library/Frameworks",
					"$(inherited)",
					"$(DEVELOPER_FRAMEWORKS_DIR)",
				);
				GCC_PRECOMPILE_PREFIX_HEADER = YES;
				GCC_PREFIX_HEADER = "01-ItcastLottery/01-ItcastLottery-Prefix.pch";
				INFOPLIST_FILE = "01-ItcastLotteryTests/01-ItcastLotteryTests-Info.plist";
				PRODUCT_NAME = "$(TARGET_NAME)";
				TEST_HOST = "$(BUNDLE_LOADER)";
				WRAPPER_EXTENSION = xctest;
			};
			name = Release;
		};
/* End XCBuildConfiguration section */

/* Begin XCConfigurationList section */
		18B8E1C71867C93700BABED5 /* Build configuration list for PBXProject "01-ItcastLottery" */ = {
			isa = XCConfigurationList;
			buildConfigurations = (
				18B8E1FC1867C93700BABED5 /* Debug */,
				18B8E1FD1867C93700BABED5 /* Release */,
			);
			defaultConfigurationIsVisible = 0;
			defaultConfigurationName = Release;
		};
		18B8E1FE1867C93700BABED5 /* Build configuration list for PBXNativeTarget "01-ItcastLottery" */ = {
			isa = XCConfigurationList;
			buildConfigurations = (
				18B8E1FF1867C93700BABED5 /* Debug */,
				18B8E2001867C93700BABED5 /* Release */,
			);
			defaultConfigurationIsVisible = 0;
			defaultConfigurationName = Release;
		};
		18B8E2011867C93700BABED5 /* Build configuration list for PBXNativeTarget "01-ItcastLotteryTests" */ = {
			isa = XCConfigurationList;
			buildConfigurations = (
				18B8E2021867C93700BABED5 /* Debug */,
				18B8E2031867C93700BABED5 /* Release */,
			);
			defaultConfigurationIsVisible = 0;
			defaultConfigurationName = Release;
		};
/* End XCConfigurationList section */
	};
	rootObject = 18B8E1C41867C93700BABED5 /* Project object */;
}
