// !$*UTF8*$!
{
	archiveVersion = 1;
	classes = {
	};
	objectVersion = 46;
	objects = {

/* Begin PBXBuildFile section */
		187345AC19469B7200BD2CE6 /* Foundation.framework in Frameworks */ = {isa = PBXBuildFile; fileRef = 187345AB19469B7200BD2CE6 /* Foundation.framework */; };
		187345AE19469B7200BD2CE6 /* CoreGraphics.framework in Frameworks */ = {isa = PBXBuildFile; fileRef = 187345AD19469B7200BD2CE6 /* CoreGraphics.framework */; };
		187345B019469B7200BD2CE6 /* UIKit.framework in Frameworks */ = {isa = PBXBuildFile; fileRef = 187345AF19469B7200BD2CE6 /* UIKit.framework */; };
		187345B619469B7200BD2CE6 /* InfoPlist.strings in Resources */ = {isa = PBXBuildFile; fileRef = 187345B419469B7200BD2CE6 /* InfoPlist.strings */; };
		187345B819469B7200BD2CE6 /* main.m in Sources */ = {isa = PBXBuildFile; fileRef = 187345B719469B7200BD2CE6 /* main.m */; };
		187345BC19469B7200BD2CE6 /* NJAppDelegate.m in Sources */ = {isa = PBXBuildFile; fileRef = 187345BB19469B7200BD2CE6 /* NJAppDelegate.m */; };
		187345BF19469B7200BD2CE6 /* Main.storyboard in Resources */ = {isa = PBXBuildFile; fileRef = 187345BD19469B7200BD2CE6 /* Main.storyboard */; };
		187345C219469B7200BD2CE6 /* NJViewController.m in Sources */ = {isa = PBXBuildFile; fileRef = 187345C119469B7200BD2CE6 /* NJViewController.m */; };
		187345C419469B7200BD2CE6 /* Images.xcassets in Resources */ = {isa = PBXBuildFile; fileRef = 187345C319469B7200BD2CE6 /* Images.xcassets */; };
		187345CB19469B7200BD2CE6 /* XCTest.framework in Frameworks */ = {isa = PBXBuildFile; fileRef = 187345CA19469B7200BD2CE6 /* XCTest.framework */; };
		187345CC19469B7200BD2CE6 /* Foundation.framework in Frameworks */ = {isa = PBXBuildFile; fileRef = 187345AB19469B7200BD2CE6 /* Foundation.framework */; };
		187345CD19469B7200BD2CE6 /* UIKit.framework in Frameworks */ = {isa = PBXBuildFile; fileRef = 187345AF19469B7200BD2CE6 /* UIKit.framework */; };
		187345D519469B7200BD2CE6 /* InfoPlist.strings in Resources */ = {isa = PBXBuildFile; fileRef = 187345D319469B7200BD2CE6 /* InfoPlist.strings */; };
		187345D719469B7200BD2CE6 /* _4____View____UIImageViewTests.m in Sources */ = {isa = PBXBuildFile; fileRef = 187345D619469B7200BD2CE6 /* _4____View____UIImageViewTests.m */; };
		187345E119469B8A00BD2CE6 /* psb.jpeg in Resources */ = {isa = PBXBuildFile; fileRef = 187345E019469B8A00BD2CE6 /* psb.jpeg */; };
		187345E419469BE800BD2CE6 /* NJImageView.m in Sources */ = {isa = PBXBuildFile; fileRef = 187345E319469BE800BD2CE6 /* NJImageView.m */; };
/* End PBXBuildFile section */

/* Begin PBXContainerItemProxy section */
		187345CE19469B7200BD2CE6 /* PBXContainerItemProxy */ = {
			isa = PBXContainerItemProxy;
			containerPortal = 187345A019469B7200BD2CE6 /* Project object */;
			proxyType = 1;
			remoteGlobalIDString = 187345A719469B7200BD2CE6;
			remoteInfo = "04-自定义View模仿系统UIImageView";
		};
/* End PBXContainerItemProxy section */

/* Begin PBXFileReference section */
		187345A819469B7200BD2CE6 /* 04-自定义View模仿系统UIImageView.app */ = {isa = PBXFileReference; explicitFileType = wrapper.application; includeInIndex = 0; path = "04-自定义View模仿系统UIImageView.app"; sourceTree = BUILT_PRODUCTS_DIR; };
		187345AB19469B7200BD2CE6 /* Foundation.framework */ = {isa = PBXFileReference; lastKnownFileType = wrapper.framework; name = Foundation.framework; path = System/Library/Frameworks/Foundation.framework; sourceTree = SDKROOT; };
		187345AD19469B7200BD2CE6 /* CoreGraphics.framework */ = {isa = PBXFileReference; lastKnownFileType = wrapper.framework; name = CoreGraphics.framework; path = System/Library/Frameworks/CoreGraphics.framework; sourceTree = SDKROOT; };
		187345AF19469B7200BD2CE6 /* UIKit.framework */ = {isa = PBXFileReference; lastKnownFileType = wrapper.framework; name = UIKit.framework; path = System/Library/Frameworks/UIKit.framework; sourceTree = SDKROOT; };
		187345B319469B7200BD2CE6 /* 04-自定义View模仿系统UIImageView-Info.plist */ = {isa = PBXFileReference; lastKnownFileType = text.plist.xml; path = "04-自定义View模仿系统UIImageView-Info.plist"; sourceTree = "<group>"; };
		187345B519469B7200BD2CE6 /* en */ = {isa = PBXFileReference; lastKnownFileType = text.plist.strings; name = en; path = en.lproj/InfoPlist.strings; sourceTree = "<group>"; };
		187345B719469B7200BD2CE6 /* main.m */ = {isa = PBXFileReference; lastKnownFileType = sourcecode.c.objc; path = main.m; sourceTree = "<group>"; };
		187345B919469B7200BD2CE6 /* 04-自定义View模仿系统UIImageView-Prefix.pch */ = {isa = PBXFileReference; lastKnownFileType = sourcecode.c.h; path = "04-自定义View模仿系统UIImageView-Prefix.pch"; sourceTree = "<group>"; };
		187345BA19469B7200BD2CE6 /* NJAppDelegate.h */ = {isa = PBXFileReference; lastKnownFileType = sourcecode.c.h; path = NJAppDelegate.h; sourceTree = "<group>"; };
		187345BB19469B7200BD2CE6 /* NJAppDelegate.m */ = {isa = PBXFileReference; lastKnownFileType = sourcecode.c.objc; path = NJAppDelegate.m; sourceTree = "<group>"; };
		187345BE19469B7200BD2CE6 /* Base */ = {isa = PBXFileReference; lastKnownFileType = file.storyboard; name = Base; path = Base.lproj/Main.storyboard; sourceTree = "<group>"; };
		187345C019469B7200BD2CE6 /* NJViewController.h */ = {isa = PBXFileReference; lastKnownFileType = sourcecode.c.h; path = NJViewController.h; sourceTree = "<group>"; };
		187345C119469B7200BD2CE6 /* NJViewController.m */ = {isa = PBXFileReference; lastKnownFileType = sourcecode.c.objc; path = NJViewController.m; sourceTree = "<group>"; };
		187345C319469B7200BD2CE6 /* Images.xcassets */ = {isa = PBXFileReference; lastKnownFileType = folder.assetcatalog; path = Images.xcassets; sourceTree = "<group>"; };
		187345C919469B7200BD2CE6 /* 04-自定义View模仿系统UIImageViewTests.xctest */ = {isa = PBXFileReference; explicitFileType = wrapper.cfbundle; includeInIndex = 0; path = "04-自定义View模仿系统UIImageViewTests.xctest"; sourceTree = BUILT_PRODUCTS_DIR; };
		187345CA19469B7200BD2CE6 /* XCTest.framework */ = {isa = PBXFileReference; lastKnownFileType = wrapper.framework; name = XCTest.framework; path = Library/Frameworks/XCTest.framework; sourceTree = DEVELOPER_DIR; };
		187345D219469B7200BD2CE6 /* 04-自定义View模仿系统UIImageViewTests-Info.plist */ = {isa = PBXFileReference; lastKnownFileType = text.plist.xml; path = "04-自定义View模仿系统UIImageViewTests-Info.plist"; sourceTree = "<group>"; };
		187345D419469B7200BD2CE6 /* en */ = {isa = PBXFileReference; lastKnownFileType = text.plist.strings; name = en; path = en.lproj/InfoPlist.strings; sourceTree = "<group>"; };
		187345D619469B7200BD2CE6 /* _4____View____UIImageViewTests.m */ = {isa = PBXFileReference; lastKnownFileType = sourcecode.c.objc; path = "_4____View____UIImageViewTests.m"; sourceTree = "<group>"; };
		187345E019469B8A00BD2CE6 /* psb.jpeg */ = {isa = PBXFileReference; lastKnownFileType = image.jpeg; path = psb.jpeg; sourceTree = "<group>"; };
		187345E219469BE700BD2CE6 /* NJImageView.h */ = {isa = PBXFileReference; fileEncoding = 4; lastKnownFileType = sourcecode.c.h; path = NJImageView.h; sourceTree = "<group>"; };
		187345E319469BE800BD2CE6 /* NJImageView.m */ = {isa = PBXFileReference; fileEncoding = 4; lastKnownFileType = sourcecode.c.objc; path = NJImageView.m; sourceTree = "<group>"; };
/* End PBXFileReference section */

/* Begin PBXFrameworksBuildPhase section */
		187345A519469B7200BD2CE6 /* Frameworks */ = {
			isa = PBXFrameworksBuildPhase;
			buildActionMask = 2147483647;
			files = (
				187345AE19469B7200BD2CE6 /* CoreGraphics.framework in Frameworks */,
				187345B019469B7200BD2CE6 /* UIKit.framework in Frameworks */,
				187345AC19469B7200BD2CE6 /* Foundation.framework in Frameworks */,
			);
			runOnlyForDeploymentPostprocessing = 0;
		};
		187345C619469B7200BD2CE6 /* Frameworks */ = {
			isa = PBXFrameworksBuildPhase;
			buildActionMask = 2147483647;
			files = (
				187345CB19469B7200BD2CE6 /* XCTest.framework in Frameworks */,
				187345CD19469B7200BD2CE6 /* UIKit.framework in Frameworks */,
				187345CC19469B7200BD2CE6 /* Foundation.framework in Frameworks */,
			);
			runOnlyForDeploymentPostprocessing = 0;
		};
/* End PBXFrameworksBuildPhase section */

/* Begin PBXGroup section */
		1873459F19469B7200BD2CE6 = {
			isa = PBXGroup;
			children = (
				187345B119469B7200BD2CE6 /* 04-自定义View模仿系统UIImageView */,
				187345D019469B7200BD2CE6 /* 04-自定义View模仿系统UIImageViewTests */,
				187345AA19469B7200BD2CE6 /* Frameworks */,
				187345A919469B7200BD2CE6 /* Products */,
			);
			sourceTree = "<group>";
		};
		187345A919469B7200BD2CE6 /* Products */ = {
			isa = PBXGroup;
			children = (
				187345A819469B7200BD2CE6 /* 04-自定义View模仿系统UIImageView.app */,
				187345C919469B7200BD2CE6 /* 04-自定义View模仿系统UIImageViewTests.xctest */,
			);
			name = Products;
			sourceTree = "<group>";
		};
		187345AA19469B7200BD2CE6 /* Frameworks */ = {
			isa = PBXGroup;
			children = (
				187345AB19469B7200BD2CE6 /* Foundation.framework */,
				187345AD19469B7200BD2CE6 /* CoreGraphics.framework */,
				187345AF19469B7200BD2CE6 /* UIKit.framework */,
				187345CA19469B7200BD2CE6 /* XCTest.framework */,
			);
			name = Frameworks;
			sourceTree = "<group>";
		};
		187345B119469B7200BD2CE6 /* 04-自定义View模仿系统UIImageView */ = {
			isa = PBXGroup;
			children = (
				187345BA19469B7200BD2CE6 /* NJAppDelegate.h */,
				187345BB19469B7200BD2CE6 /* NJAppDelegate.m */,
				187345BD19469B7200BD2CE6 /* Main.storyboard */,
				187345C019469B7200BD2CE6 /* NJViewController.h */,
				187345C119469B7200BD2CE6 /* NJViewController.m */,
				187345E219469BE700BD2CE6 /* NJImageView.h */,
				187345E319469BE800BD2CE6 /* NJImageView.m */,
				187345C319469B7200BD2CE6 /* Images.xcassets */,
				187345B219469B7200BD2CE6 /* Supporting Files */,
			);
			path = "04-自定义View模仿系统UIImageView";
			sourceTree = "<group>";
		};
		187345B219469B7200BD2CE6 /* Supporting Files */ = {
			isa = PBXGroup;
			children = (
				187345E019469B8A00BD2CE6 /* psb.jpeg */,
				187345B319469B7200BD2CE6 /* 04-自定义View模仿系统UIImageView-Info.plist */,
				187345B419469B7200BD2CE6 /* InfoPlist.strings */,
				187345B719469B7200BD2CE6 /* main.m */,
				187345B919469B7200BD2CE6 /* 04-自定义View模仿系统UIImageView-Prefix.pch */,
			);
			name = "Supporting Files";
			sourceTree = "<group>";
		};
		187345D019469B7200BD2CE6 /* 04-自定义View模仿系统UIImageViewTests */ = {
			isa = PBXGroup;
			children = (
				187345D619469B7200BD2CE6 /* _4____View____UIImageViewTests.m */,
				187345D119469B7200BD2CE6 /* Supporting Files */,
			);
			path = "04-自定义View模仿系统UIImageViewTests";
			sourceTree = "<group>";
		};
		187345D119469B7200BD2CE6 /* Supporting Files */ = {
			isa = PBXGroup;
			children = (
				187345D219469B7200BD2CE6 /* 04-自定义View模仿系统UIImageViewTests-Info.plist */,
				187345D319469B7200BD2CE6 /* InfoPlist.strings */,
			);
			name = "Supporting Files";
			sourceTree = "<group>";
		};
/* End PBXGroup section */

/* Begin PBXNativeTarget section */
		187345A719469B7200BD2CE6 /* 04-自定义View模仿系统UIImageView */ = {
			isa = PBXNativeTarget;
			buildConfigurationList = 187345DA19469B7200BD2CE6 /* Build configuration list for PBXNativeTarget "04-自定义View模仿系统UIImageView" */;
			buildPhases = (
				187345A419469B7200BD2CE6 /* Sources */,
				187345A519469B7200BD2CE6 /* Frameworks */,
				187345A619469B7200BD2CE6 /* Resources */,
			);
			buildRules = (
			);
			dependencies = (
			);
			name = "04-自定义View模仿系统UIImageView";
			productName = "04-自定义View模仿系统UIImageView";
			productReference = 187345A819469B7200BD2CE6 /* 04-自定义View模仿系统UIImageView.app */;
			productType = "com.apple.product-type.application";
		};
		187345C819469B7200BD2CE6 /* 04-自定义View模仿系统UIImageViewTests */ = {
			isa = PBXNativeTarget;
			buildConfigurationList = 187345DD19469B7200BD2CE6 /* Build configuration list for PBXNativeTarget "04-自定义View模仿系统UIImageViewTests" */;
			buildPhases = (
				187345C519469B7200BD2CE6 /* Sources */,
				187345C619469B7200BD2CE6 /* Frameworks */,
				187345C719469B7200BD2CE6 /* Resources */,
			);
			buildRules = (
			);
			dependencies = (
				187345CF19469B7200BD2CE6 /* PBXTargetDependency */,
			);
			name = "04-自定义View模仿系统UIImageViewTests";
			productName = "04-自定义View模仿系统UIImageViewTests";
			productReference = 187345C919469B7200BD2CE6 /* 04-自定义View模仿系统UIImageViewTests.xctest */;
			productType = "com.apple.product-type.bundle.unit-test";
		};
/* End PBXNativeTarget section */

/* Begin PBXProject section */
		187345A019469B7200BD2CE6 /* Project object */ = {
			isa = PBXProject;
			attributes = {
				CLASSPREFIX = NJ;
				LastUpgradeCheck = 0510;
				ORGANIZATIONNAME = heima;
				TargetAttributes = {
					187345C819469B7200BD2CE6 = {
						TestTargetID = 187345A719469B7200BD2CE6;
					};
				};
			};
			buildConfigurationList = 187345A319469B7200BD2CE6 /* Build configuration list for PBXProject "04-自定义View模仿系统UIImageView" */;
			compatibilityVersion = "Xcode 3.2";
			developmentRegion = English;
			hasScannedForEncodings = 0;
			knownRegions = (
				en,
				Base,
			);
			mainGroup = 1873459F19469B7200BD2CE6;
			productRefGroup = 187345A919469B7200BD2CE6 /* Products */;
			projectDirPath = "";
			projectRoot = "";
			targets = (
				187345A719469B7200BD2CE6 /* 04-自定义View模仿系统UIImageView */,
				187345C819469B7200BD2CE6 /* 04-自定义View模仿系统UIImageViewTests */,
			);
		};
/* End PBXProject section */

/* Begin PBXResourcesBuildPhase section */
		187345A619469B7200BD2CE6 /* Resources */ = {
			isa = PBXResourcesBuildPhase;
			buildActionMask = 2147483647;
			files = (
				187345C419469B7200BD2CE6 /* Images.xcassets in Resources */,
				187345E119469B8A00BD2CE6 /* psb.jpeg in Resources */,
				187345B619469B7200BD2CE6 /* InfoPlist.strings in Resources */,
				187345BF19469B7200BD2CE6 /* Main.storyboard in Resources */,
			);
			runOnlyForDeploymentPostprocessing = 0;
		};
		187345C719469B7200BD2CE6 /* Resources */ = {
			isa = PBXResourcesBuildPhase;
			buildActionMask = 2147483647;
			files = (
				187345D519469B7200BD2CE6 /* InfoPlist.strings in Resources */,
			);
			runOnlyForDeploymentPostprocessing = 0;
		};
/* End PBXResourcesBuildPhase section */

/* Begin PBXSourcesBuildPhase section */
		187345A419469B7200BD2CE6 /* Sources */ = {
			isa = PBXSourcesBuildPhase;
			buildActionMask = 2147483647;
			files = (
				187345C219469B7200BD2CE6 /* NJViewController.m in Sources */,
				187345BC19469B7200BD2CE6 /* NJAppDelegate.m in Sources */,
				187345E419469BE800BD2CE6 /* NJImageView.m in Sources */,
				187345B819469B7200BD2CE6 /* main.m in Sources */,
			);
			runOnlyForDeploymentPostprocessing = 0;
		};
		187345C519469B7200BD2CE6 /* Sources */ = {
			isa = PBXSourcesBuildPhase;
			buildActionMask = 2147483647;
			files = (
				187345D719469B7200BD2CE6 /* _4____View____UIImageViewTests.m in Sources */,
			);
			runOnlyForDeploymentPostprocessing = 0;
		};
/* End PBXSourcesBuildPhase section */

/* Begin PBXTargetDependency section */
		187345CF19469B7200BD2CE6 /* PBXTargetDependency */ = {
			isa = PBXTargetDependency;
			target = 187345A719469B7200BD2CE6 /* 04-自定义View模仿系统UIImageView */;
			targetProxy = 187345CE19469B7200BD2CE6 /* PBXContainerItemProxy */;
		};
/* End PBXTargetDependency section */

/* Begin PBXVariantGroup section */
		187345B419469B7200BD2CE6 /* InfoPlist.strings */ = {
			isa = PBXVariantGroup;
			children = (
				187345B519469B7200BD2CE6 /* en */,
			);
			name = InfoPlist.strings;
			sourceTree = "<group>";
		};
		187345BD19469B7200BD2CE6 /* Main.storyboard */ = {
			isa = PBXVariantGroup;
			children = (
				187345BE19469B7200BD2CE6 /* Base */,
			);
			name = Main.storyboard;
			sourceTree = "<group>";
		};
		187345D319469B7200BD2CE6 /* InfoPlist.strings */ = {
			isa = PBXVariantGroup;
			children = (
				187345D419469B7200BD2CE6 /* en */,
			);
			name = InfoPlist.strings;
			sourceTree = "<group>";
		};
/* End PBXVariantGroup section */

/* Begin XCBuildConfiguration section */
		187345D819469B7200BD2CE6 /* Debug */ = {
			isa = XCBuildConfiguration;
			buildSettings = {
				ALWAYS_SEARCH_USER_PATHS = NO;
				CLANG_CXX_LANGUAGE_STANDARD = "gnu++0x";
				CLANG_CXX_LIBRARY = "libc++";
				CLANG_ENABLE_MODULES = YES;
				CLANG_ENABLE_OBJC_ARC = YES;
				CLANG_WARN_BOOL_CONVERSION = YES;
				CLANG_WARN_CONSTANT_CONVERSION = YES;
				CLANG_WARN_DIRECT_OBJC_ISA_USAGE = YES_ERROR;
				CLANG_WARN_EMPTY_BODY = YES;
				CLANG_WARN_ENUM_CONVERSION = YES;
				CLANG_WARN_INT_CONVERSION = YES;
				CLANG_WARN_OBJC_ROOT_CLASS = YES_ERROR;
				CLANG_WARN__DUPLICATE_METHOD_MATCH = YES;
				"CODE_SIGN_IDENTITY[sdk=iphoneos*]" = "iPhone Developer";
				COPY_PHASE_STRIP = NO;
				GCC_C_LANGUAGE_STANDARD = gnu99;
				GCC_DYNAMIC_NO_PIC = NO;
				GCC_OPTIMIZATION_LEVEL = 0;
				GCC_PREPROCESSOR_DEFINITIONS = (
					"DEBUG=1",
					"$(inherited)",
				);
				GCC_SYMBOLS_PRIVATE_EXTERN = NO;
				GCC_WARN_64_TO_32_BIT_CONVERSION = YES;
				GCC_WARN_ABOUT_RETURN_TYPE = YES_ERROR;
				GCC_WARN_UNDECLARED_SELECTOR = YES;
				GCC_WARN_UNINITIALIZED_AUTOS = YES_AGGRESSIVE;
				GCC_WARN_UNUSED_FUNCTION = YES;
				GCC_WARN_UNUSED_VARIABLE = YES;
				IPHONEOS_DEPLOYMENT_TARGET = 7.1;
				ONLY_ACTIVE_ARCH = YES;
				SDKROOT = iphoneos;
			};
			name = Debug;
		};
		187345D919469B7200BD2CE6 /* Release */ = {
			isa = XCBuildConfiguration;
			buildSettings = {
				ALWAYS_SEARCH_USER_PATHS = NO;
				CLANG_CXX_LANGUAGE_STANDARD = "gnu++0x";
				CLANG_CXX_LIBRARY = "libc++";
				CLANG_ENABLE_MODULES = YES;
				CLANG_ENABLE_OBJC_ARC = YES;
				CLANG_WARN_BOOL_CONVERSION = YES;
				CLANG_WARN_CONSTANT_CONVERSION = YES;
				CLANG_WARN_DIRECT_OBJC_ISA_USAGE = YES_ERROR;
				CLANG_WARN_EMPTY_BODY = YES;
				CLANG_WARN_ENUM_CONVERSION = YES;
				CLANG_WARN_INT_CONVERSION = YES;
				CLANG_WARN_OBJC_ROOT_CLASS = YES_ERROR;
				CLANG_WARN__DUPLICATE_METHOD_MATCH = YES;
				"CODE_SIGN_IDENTITY[sdk=iphoneos*]" = "iPhone Developer";
				COPY_PHASE_STRIP = YES;
				ENABLE_NS_ASSERTIONS = NO;
				GCC_C_LANGUAGE_STANDARD = gnu99;
				GCC_WARN_64_TO_32_BIT_CONVERSION = YES;
				GCC_WARN_ABOUT_RETURN_TYPE = YES_ERROR;
				GCC_WARN_UNDECLARED_SELECTOR = YES;
				GCC_WARN_UNINITIALIZED_AUTOS = YES_AGGRESSIVE;
				GCC_WARN_UNUSED_FUNCTION = YES;
				GCC_WARN_UNUSED_VARIABLE = YES;
				IPHONEOS_DEPLOYMENT_TARGET = 7.1;
				SDKROOT = iphoneos;
				VALIDATE_PRODUCT = YES;
			};
			name = Release;
		};
		187345DB19469B7200BD2CE6 /* Debug */ = {
			isa = XCBuildConfiguration;
			buildSettings = {
				ASSETCATALOG_COMPILER_APPICON_NAME = AppIcon;
				ASSETCATALOG_COMPILER_LAUNCHIMAGE_NAME = LaunchImage;
				GCC_PRECOMPILE_PREFIX_HEADER = YES;
				GCC_PREFIX_HEADER = "04-自定义View模仿系统UIImageView/04-自定义View模仿系统UIImageView-Prefix.pch";
				INFOPLIST_FILE = "04-自定义View模仿系统UIImageView/04-自定义View模仿系统UIImageView-Info.plist";
				PRODUCT_NAME = "$(TARGET_NAME)";
				WRAPPER_EXTENSION = app;
			};
			name = Debug;
		};
		187345DC19469B7200BD2CE6 /* Release */ = {
			isa = XCBuildConfiguration;
			buildSettings = {
				ASSETCATALOG_COMPILER_APPICON_NAME = AppIcon;
				ASSETCATALOG_COMPILER_LAUNCHIMAGE_NAME = LaunchImage;
				GCC_PRECOMPILE_PREFIX_HEADER = YES;
				GCC_PREFIX_HEADER = "04-自定义View模仿系统UIImageView/04-自定义View模仿系统UIImageView-Prefix.pch";
				INFOPLIST_FILE = "04-自定义View模仿系统UIImageView/04-自定义View模仿系统UIImageView-Info.plist";
				PRODUCT_NAME = "$(TARGET_NAME)";
				WRAPPER_EXTENSION = app;
			};
			name = Release;
		};
		187345DE19469B7200BD2CE6 /* Debug */ = {
			isa = XCBuildConfiguration;
			buildSettings = {
				BUNDLE_LOADER = "$(BUILT_PRODUCTS_DIR)/04-自定义View模仿系统UIImageView.app/04-自定义View模仿系统UIImageView";
				FRAMEWORK_SEARCH_PATHS = (
					"$(SDKROOT)/Developer/Library/Frameworks",
					"$(inherited)",
					"$(DEVELOPER_FRAMEWORKS_DIR)",
				);
				GCC_PRECOMPILE_PREFIX_HEADER = YES;
				GCC_PREFIX_HEADER = "04-自定义View模仿系统UIImageView/04-自定义View模仿系统UIImageView-Prefix.pch";
				GCC_PREPROCESSOR_DEFINITIONS = (
					"DEBUG=1",
					"$(inherited)",
				);
				INFOPLIST_FILE = "04-自定义View模仿系统UIImageViewTests/04-自定义View模仿系统UIImageViewTests-Info.plist";
				PRODUCT_NAME = "$(TARGET_NAME)";
				TEST_HOST = "$(BUNDLE_LOADER)";
				WRAPPER_EXTENSION = xctest;
			};
			name = Debug;
		};
		187345DF19469B7200BD2CE6 /* Release */ = {
			isa = XCBuildConfiguration;
			buildSettings = {
				BUNDLE_LOADER = "$(BUILT_PRODUCTS_DIR)/04-自定义View模仿系统UIImageView.app/04-自定义View模仿系统UIImageView";
				FRAMEWORK_SEARCH_PATHS = (
					"$(SDKROOT)/Developer/Library/Frameworks",
					"$(inherited)",
					"$(DEVELOPER_FRAMEWORKS_DIR)",
				);
				GCC_PRECOMPILE_PREFIX_HEADER = YES;
				GCC_PREFIX_HEADER = "04-自定义View模仿系统UIImageView/04-自定义View模仿系统UIImageView-Prefix.pch";
				INFOPLIST_FILE = "04-自定义View模仿系统UIImageViewTests/04-自定义View模仿系统UIImageViewTests-Info.plist";
				PRODUCT_NAME = "$(TARGET_NAME)";
				TEST_HOST = "$(BUNDLE_LOADER)";
				WRAPPER_EXTENSION = xctest;
			};
			name = Release;
		};
/* End XCBuildConfiguration section */

/* Begin XCConfigurationList section */
		187345A319469B7200BD2CE6 /* Build configuration list for PBXProject "04-自定义View模仿系统UIImageView" */ = {
			isa = XCConfigurationList;
			buildConfigurations = (
				187345D819469B7200BD2CE6 /* Debug */,
				187345D919469B7200BD2CE6 /* Release */,
			);
			defaultConfigurationIsVisible = 0;
			defaultConfigurationName = Release;
		};
		187345DA19469B7200BD2CE6 /* Build configuration list for PBXNativeTarget "04-自定义View模仿系统UIImageView" */ = {
			isa = XCConfigurationList;
			buildConfigurations = (
				187345DB19469B7200BD2CE6 /* Debug */,
				187345DC19469B7200BD2CE6 /* Release */,
			);
			defaultConfigurationIsVisible = 0;
		};
		187345DD19469B7200BD2CE6 /* Build configuration list for PBXNativeTarget "04-自定义View模仿系统UIImageViewTests" */ = {
			isa = XCConfigurationList;
			buildConfigurations = (
				187345DE19469B7200BD2CE6 /* Debug */,
				187345DF19469B7200BD2CE6 /* Release */,
			);
			defaultConfigurationIsVisible = 0;
		};
/* End XCConfigurationList section */
	};
	rootObject = 187345A019469B7200BD2CE6 /* Project object */;
}
